{
  "version": 4,
  "terraform_version": "1.8.0",
  "serial": 170,
  "lineage": "508dc0a4-e21e-a552-3fbc-d507766f46dc",
  "outputs": {
    "alb_dns_name": {
      "value": "kacmat-app-alb-340928234.eu-central-1.elb.amazonaws.com",
      "type": "string"
    },
    "private_subnets": {
      "value": [
        "subnet-0cba2c4789cacedbe",
        "subnet-0c51a99d67b02c4b8"
      ],
      "type": [
        "tuple",
        [
          "string",
          "string"
        ]
      ]
    },
    "public_subnets": {
      "value": [
        "subnet-03d5d7140db894c1b",
        "subnet-0756666d0e9691a76"
      ],
      "type": [
        "tuple",
        [
          "string",
          "string"
        ]
      ]
    },
    "rds_endpoint": {
      "value": "kacmat-app-rds.cbu6sqo6aeeh.eu-central-1.rds.amazonaws.com:5432",
      "type": "string"
    },
    "vpc_id": {
      "value": "vpc-05b07fc0cf3fe324d",
      "type": "string"
    }
  },
  "resources": [
    {
      "mode": "data",
      "type": "aws_caller_identity",
      "name": "current",
      "provider": "provider[\"registry.terraform.io/hashicorp/aws\"]",
      "instances": [
        {
          "schema_version": 0,
          "attributes": {
            "account_id": "211198316879",
            "arn": "arn:aws:iam::211198316879:user/chx97441",
            "id": "211198316879",
            "user_id": "AIDATCLDGSFHXN3FKYRWF"
          },
          "sensitive_attributes": []
        }
      ]
    },
    {
      "mode": "data",
      "type": "aws_iam_policy_document",
      "name": "alb_logs_bucket_policy",
      "provider": "provider[\"registry.terraform.io/hashicorp/aws\"]",
      "instances": [
        {
          "schema_version": 0,
          "attributes": {
            "id": "155905846",
            "json": "{\n  \"Version\": \"2012-10-17\",\n  \"Statement\": [\n    {\n      \"Sid\": \"AWSLogDeliveryCheck\",\n      \"Effect\": \"Allow\",\n      \"Action\": [\n        \"s3:ListBucket\",\n        \"s3:GetBucketAcl\"\n      ],\n      \"Resource\": \"arn:aws:s3:::kacmat-app-alb-logs-211198316879-eu-central-1\",\n      \"Principal\": {\n        \"Service\": \"delivery.logs.amazonaws.com\"\n      }\n    },\n    {\n      \"Sid\": \"AWSLogDeliveryWrite\",\n      \"Effect\": \"Allow\",\n      \"Action\": \"s3:PutObject\",\n      \"Resource\": \"arn:aws:s3:::kacmat-app-alb-logs-211198316879-eu-central-1/AWSLogs/211198316879/*\",\n      \"Principal\": {\n        \"Service\": \"delivery.logs.amazonaws.com\"\n      }\n    },\n    {\n      \"Sid\": \"ALBAccessLogsWrite\",\n      \"Effect\": \"Allow\",\n      \"Action\": \"s3:PutObject\",\n      \"Resource\": \"arn:aws:s3:::kacmat-app-alb-logs-211198316879-eu-central-1/AWSLogs/211198316879/*\",\n      \"Principal\": {\n        \"Service\": \"elasticloadbalancing.amazonaws.com\"\n      }\n    },\n    {\n      \"Sid\": \"VPCFlowLogsWrite\",\n      \"Effect\": \"Allow\",\n      \"Action\": \"s3:PutObject\",\n      \"Resource\": \"arn:aws:s3:::kacmat-app-alb-logs-211198316879-eu-central-1/AWSLogs/211198316879/*\",\n      \"Principal\": {\n        \"Service\": \"vpc-flow-logs.amazonaws.com\"\n      }\n    }\n  ]\n}",
            "minified_json": "{\"Version\":\"2012-10-17\",\"Statement\":[{\"Sid\":\"AWSLogDeliveryCheck\",\"Effect\":\"Allow\",\"Action\":[\"s3:ListBucket\",\"s3:GetBucketAcl\"],\"Resource\":\"arn:aws:s3:::kacmat-app-alb-logs-211198316879-eu-central-1\",\"Principal\":{\"Service\":\"delivery.logs.amazonaws.com\"}},{\"Sid\":\"AWSLogDeliveryWrite\",\"Effect\":\"Allow\",\"Action\":\"s3:PutObject\",\"Resource\":\"arn:aws:s3:::kacmat-app-alb-logs-211198316879-eu-central-1/AWSLogs/211198316879/*\",\"Principal\":{\"Service\":\"delivery.logs.amazonaws.com\"}},{\"Sid\":\"ALBAccessLogsWrite\",\"Effect\":\"Allow\",\"Action\":\"s3:PutObject\",\"Resource\":\"arn:aws:s3:::kacmat-app-alb-logs-211198316879-eu-central-1/AWSLogs/211198316879/*\",\"Principal\":{\"Service\":\"elasticloadbalancing.amazonaws.com\"}},{\"Sid\":\"VPCFlowLogsWrite\",\"Effect\":\"Allow\",\"Action\":\"s3:PutObject\",\"Resource\":\"arn:aws:s3:::kacmat-app-alb-logs-211198316879-eu-central-1/AWSLogs/211198316879/*\",\"Principal\":{\"Service\":\"vpc-flow-logs.amazonaws.com\"}}]}",
            "override_json": null,
            "override_policy_documents": null,
            "policy_id": null,
            "source_json": null,
            "source_policy_documents": null,
            "statement": [
              {
                "actions": [
                  "s3:GetBucketAcl",
                  "s3:ListBucket"
                ],
                "condition": [],
                "effect": "Allow",
                "not_actions": [],
                "not_principals": [],
                "not_resources": [],
                "principals": [
                  {
                    "identifiers": [
                      "delivery.logs.amazonaws.com"
                    ],
                    "type": "Service"
                  }
                ],
                "resources": [
                  "arn:aws:s3:::kacmat-app-alb-logs-211198316879-eu-central-1"
                ],
                "sid": "AWSLogDeliveryCheck"
              },
              {
                "actions": [
                  "s3:PutObject"
                ],
                "condition": [],
                "effect": "Allow",
                "not_actions": [],
                "not_principals": [],
                "not_resources": [],
                "principals": [
                  {
                    "identifiers": [
                      "delivery.logs.amazonaws.com"
                    ],
                    "type": "Service"
                  }
                ],
                "resources": [
                  "arn:aws:s3:::kacmat-app-alb-logs-211198316879-eu-central-1/AWSLogs/211198316879/*"
                ],
                "sid": "AWSLogDeliveryWrite"
              },
              {
                "actions": [
                  "s3:PutObject"
                ],
                "condition": [],
                "effect": "Allow",
                "not_actions": [],
                "not_principals": [],
                "not_resources": [],
                "principals": [
                  {
                    "identifiers": [
                      "elasticloadbalancing.amazonaws.com"
                    ],
                    "type": "Service"
                  }
                ],
                "resources": [
                  "arn:aws:s3:::kacmat-app-alb-logs-211198316879-eu-central-1/AWSLogs/211198316879/*"
                ],
                "sid": "ALBAccessLogsWrite"
              },
              {
                "actions": [
                  "s3:PutObject"
                ],
                "condition": [],
                "effect": "Allow",
                "not_actions": [],
                "not_principals": [],
                "not_resources": [],
                "principals": [
                  {
                    "identifiers": [
                      "vpc-flow-logs.amazonaws.com"
                    ],
                    "type": "Service"
                  }
                ],
                "resources": [
                  "arn:aws:s3:::kacmat-app-alb-logs-211198316879-eu-central-1/AWSLogs/211198316879/*"
                ],
                "sid": "VPCFlowLogsWrite"
              }
            ],
            "version": "2012-10-17"
          },
          "sensitive_attributes": []
        }
      ]
    },
    {
      "mode": "data",
      "type": "aws_iam_policy_document",
      "name": "cw_agent",
      "provider": "provider[\"registry.terraform.io/hashicorp/aws\"]",
      "instances": [
        {
          "schema_version": 0,
          "attributes": {
            "id": "3831208158",
            "json": "{\n  \"Version\": \"2012-10-17\",\n  \"Statement\": [\n    {\n      \"Effect\": \"Allow\",\n      \"Action\": [\n        \"logs:PutLogEvents\",\n        \"logs:DescribeLogStreams\",\n        \"logs:CreateLogStream\",\n        \"logs:CreateLogGroup\",\n        \"cloudwatch:PutMetricData\"\n      ],\n      \"Resource\": \"*\"\n    }\n  ]\n}",
            "minified_json": "{\"Version\":\"2012-10-17\",\"Statement\":[{\"Effect\":\"Allow\",\"Action\":[\"logs:PutLogEvents\",\"logs:DescribeLogStreams\",\"logs:CreateLogStream\",\"logs:CreateLogGroup\",\"cloudwatch:PutMetricData\"],\"Resource\":\"*\"}]}",
            "override_json": null,
            "override_policy_documents": null,
            "policy_id": null,
            "source_json": null,
            "source_policy_documents": null,
            "statement": [
              {
                "actions": [
                  "cloudwatch:PutMetricData",
                  "logs:CreateLogGroup",
                  "logs:CreateLogStream",
                  "logs:DescribeLogStreams",
                  "logs:PutLogEvents"
                ],
                "condition": [],
                "effect": "Allow",
                "not_actions": [],
                "not_principals": [],
                "not_resources": [],
                "principals": [],
                "resources": [
                  "*"
                ],
                "sid": ""
              }
            ],
            "version": "2012-10-17"
          },
          "sensitive_attributes": []
        }
      ]
    },
    {
      "mode": "data",
      "type": "aws_iam_policy_document",
      "name": "ec2_ssm_read",
      "provider": "provider[\"registry.terraform.io/hashicorp/aws\"]",
      "instances": [
        {
          "schema_version": 0,
          "attributes": {
            "id": "3371121742",
            "json": "{\n  \"Version\": \"2012-10-17\",\n  \"Statement\": [\n    {\n      \"Sid\": \"ReadAppParameters\",\n      \"Effect\": \"Allow\",\n      \"Action\": [\n        \"ssm:GetParametersByPath\",\n        \"ssm:GetParameters\",\n        \"ssm:GetParameter\"\n      ],\n      \"Resource\": \"arn:aws:ssm:eu-central-1:211198316879:parameter/kacmat/app/*\"\n    }\n  ]\n}",
            "minified_json": "{\"Version\":\"2012-10-17\",\"Statement\":[{\"Sid\":\"ReadAppParameters\",\"Effect\":\"Allow\",\"Action\":[\"ssm:GetParametersByPath\",\"ssm:GetParameters\",\"ssm:GetParameter\"],\"Resource\":\"arn:aws:ssm:eu-central-1:211198316879:parameter/kacmat/app/*\"}]}",
            "override_json": null,
            "override_policy_documents": null,
            "policy_id": null,
            "source_json": null,
            "source_policy_documents": null,
            "statement": [
              {
                "actions": [
                  "ssm:GetParameter",
                  "ssm:GetParameters",
                  "ssm:GetParametersByPath"
                ],
                "condition": [],
                "effect": "Allow",
                "not_actions": [],
                "not_principals": [],
                "not_resources": [],
                "principals": [],
                "resources": [
                  "arn:aws:ssm:eu-central-1:211198316879:parameter/kacmat/app/*"
                ],
                "sid": "ReadAppParameters"
              }
            ],
            "version": "2012-10-17"
          },
          "sensitive_attributes": []
        }
      ]
    },
    {
      "mode": "data",
      "type": "aws_region",
      "name": "current",
      "provider": "provider[\"registry.terraform.io/hashicorp/aws\"]",
      "instances": [
        {
          "schema_version": 0,
          "attributes": {
            "description": "Europe (Frankfurt)",
            "endpoint": "ec2.eu-central-1.amazonaws.com",
            "id": "eu-central-1",
            "name": "eu-central-1",
            "region": "eu-central-1"
          },
          "sensitive_attributes": []
        }
      ]
    },
    {
      "mode": "managed",
      "type": "aws_acm_certificate",
      "name": "cert",
      "provider": "provider[\"registry.terraform.io/hashicorp/aws\"]",
      "instances": [
        {
          "schema_version": 0,
          "attributes": {
            "arn": "arn:aws:acm:eu-central-1:211198316879:certificate/54821805-3f40-408a-b8db-223aec3345e1",
            "certificate_authority_arn": "",
            "certificate_body": null,
            "certificate_chain": null,
            "domain_name": "kacmat.pl",
            "domain_validation_options": [
              {
                "domain_name": "kacmat.pl",
                "resource_record_name": "_3eedbe442b37ff9065c76fa407859fad.kacmat.pl.",
                "resource_record_type": "CNAME",
                "resource_record_value": "_47b40fcfffaa186f4226c4d1fb1f7c52.jkddzztszm.acm-validations.aws."
              },
              {
                "domain_name": "www.kacmat.pl",
                "resource_record_name": "_dab304daba6aa3e8a9a46cba2ea7bbe8.www.kacmat.pl.",
                "resource_record_type": "CNAME",
                "resource_record_value": "_28b751dd6a6e9157934e9fa0ac3322f2.jkddzztszm.acm-validations.aws."
              }
            ],
            "early_renewal_duration": "",
            "id": "arn:aws:acm:eu-central-1:211198316879:certificate/54821805-3f40-408a-b8db-223aec3345e1",
            "key_algorithm": "RSA_2048",
            "not_after": "2026-12-14T23:59:59Z",
            "not_before": "2025-11-15T00:00:00Z",
            "options": [
              {
                "certificate_transparency_logging_preference": "ENABLED",
                "export": "DISABLED"
              }
            ],
            "pending_renewal": false,
            "private_key": null,
            "region": "eu-central-1",
            "renewal_eligibility": "ELIGIBLE",
            "renewal_summary": [],
            "status": "ISSUED",
            "subject_alternative_names": [
              "kacmat.pl",
              "www.kacmat.pl"
            ],
            "tags": {
              "Name": "kacmat-app-cert"
            },
            "tags_all": {
              "Name": "kacmat-app-cert"
            },
            "type": "AMAZON_ISSUED",
            "validation_emails": [],
            "validation_method": "DNS",
            "validation_option": []
          },
          "sensitive_attributes": [
            [
              {
                "type": "get_attr",
                "value": "private_key"
              }
            ]
          ],
          "private": "bnVsbA==",
          "create_before_destroy": true
        }
      ]
    },
    {
      "mode": "managed",
      "type": "aws_autoscaling_group",
      "name": "app_asg",
      "provider": "provider[\"registry.terraform.io/hashicorp/aws\"]",
      "instances": [
        {
          "schema_version": 1,
          "attributes": {
            "arn": "arn:aws:autoscaling:eu-central-1:211198316879:autoScalingGroup:c1301378-b087-47d5-bfc7-3d6171811cd0:autoScalingGroupName/kacmat-app-asg",
            "availability_zone_distribution": [
              {
                "capacity_distribution_strategy": "balanced-best-effort"
              }
            ],
            "availability_zones": [
              "eu-central-1a",
              "eu-central-1b"
            ],
            "capacity_rebalance": false,
            "capacity_reservation_specification": [
              {
                "capacity_reservation_preference": "default",
                "capacity_reservation_target": []
              }
            ],
            "context": "",
            "default_cooldown": 300,
            "default_instance_warmup": 0,
            "desired_capacity": 2,
            "desired_capacity_type": "",
            "enabled_metrics": [],
            "force_delete": false,
            "force_delete_warm_pool": false,
            "health_check_grace_period": 300,
            "health_check_type": "EC2",
            "id": "kacmat-app-asg",
            "ignore_failed_scaling_activities": false,
            "initial_lifecycle_hook": [],
            "instance_maintenance_policy": [],
            "instance_refresh": [
              {
                "preferences": [
                  {
                    "alarm_specification": [],
                    "auto_rollback": false,
                    "checkpoint_delay": "",
                    "checkpoint_percentages": [],
                    "instance_warmup": "120",
                    "max_healthy_percentage": 100,
                    "min_healthy_percentage": 50,
                    "scale_in_protected_instances": "Ignore",
                    "skip_matching": false,
                    "standby_instances": "Ignore"
                  }
                ],
                "strategy": "Rolling",
                "triggers": [
                  "launch_template"
                ]
              }
            ],
            "launch_configuration": "",
            "launch_template": [
              {
                "id": "lt-00cddb53e352d231e",
                "name": "kacmat-app-lt-20251115140637359800000001",
                "version": "17"
              }
            ],
            "load_balancers": [],
            "max_instance_lifetime": 0,
            "max_size": 2,
            "metrics_granularity": "1Minute",
            "min_elb_capacity": null,
            "min_size": 2,
            "mixed_instances_policy": [],
            "name": "kacmat-app-asg",
            "name_prefix": "",
            "placement_group": "",
            "predicted_capacity": 0,
            "protect_from_scale_in": false,
            "region": "eu-central-1",
            "service_linked_role_arn": "arn:aws:iam::211198316879:role/aws-service-role/autoscaling.amazonaws.com/AWSServiceRoleForAutoScaling",
            "suspended_processes": [],
            "tag": [
              {
                "key": "Name",
                "propagate_at_launch": true,
                "value": "kacmat-app-ec2"
              }
            ],
            "target_group_arns": [
              "arn:aws:elasticloadbalancing:eu-central-1:211198316879:targetgroup/kacmat-app-tg/86e3151664e26b35"
            ],
            "termination_policies": [],
            "timeouts": null,
            "traffic_source": [
              {
                "identifier": "arn:aws:elasticloadbalancing:eu-central-1:211198316879:targetgroup/kacmat-app-tg/86e3151664e26b35",
                "type": "elbv2"
              }
            ],
            "vpc_zone_identifier": [
              "subnet-0c51a99d67b02c4b8",
              "subnet-0cba2c4789cacedbe"
            ],
            "wait_for_capacity_timeout": "10m",
            "wait_for_elb_capacity": null,
            "warm_pool": [],
            "warm_pool_size": 0
          },
          "sensitive_attributes": [],
          "private": "eyJlMmJmYjczMC1lY2FhLTExZTYtOGY4OC0zNDM2M2JjN2M0YzAiOnsiZGVsZXRlIjo2MDAwMDAwMDAwMDAsInVwZGF0ZSI6NjAwMDAwMDAwMDAwfSwic2NoZW1hX3ZlcnNpb24iOiIxIn0=",
          "dependencies": [
            "aws_db_instance.rds",
            "aws_db_subnet_group.rds_subnet_group",
            "aws_iam_instance_profile.ec2_profile",
            "aws_iam_role.ecs_instance_role",
            "aws_key_pair.this",
            "aws_launch_template.app",
            "aws_lb_target_group.tg",
            "aws_security_group.alb_sg",
            "aws_security_group.ec2_sg",
            "aws_security_group.rds_sg",
            "aws_subnet.private_a",
            "aws_subnet.private_b",
            "aws_vpc.main",
            "data.aws_region.current"
          ],
          "create_before_destroy": true
        }
      ]
    },
    {
      "mode": "managed",
      "type": "aws_cloudwatch_metric_alarm",
      "name": "asg_cpu_high",
      "provider": "provider[\"registry.terraform.io/hashicorp/aws\"]",
      "instances": [
        {
          "schema_version": 1,
          "attributes": {
            "actions_enabled": true,
            "alarm_actions": [
              "arn:aws:sns:eu-central-1:211198316879:kacmat-app-alerts"
            ],
            "alarm_description": "CPU \u003e 80% (5 min)",
            "alarm_name": "kacmat-app-asg-cpu-high",
            "arn": "arn:aws:cloudwatch:eu-central-1:211198316879:alarm:kacmat-app-asg-cpu-high",
            "comparison_operator": "GreaterThanThreshold",
            "datapoints_to_alarm": 0,
            "dimensions": {
              "AutoScalingGroupName": "kacmat-app-asg"
            },
            "evaluate_low_sample_count_percentiles": "",
            "evaluation_periods": 5,
            "extended_statistic": "",
            "id": "kacmat-app-asg-cpu-high",
            "insufficient_data_actions": [],
            "metric_name": "CPUUtilization",
            "metric_query": [],
            "namespace": "AWS/EC2",
            "ok_actions": [
              "arn:aws:sns:eu-central-1:211198316879:kacmat-app-alerts"
            ],
            "period": 60,
            "region": "eu-central-1",
            "statistic": "Average",
            "tags": {},
            "tags_all": {},
            "threshold": 80,
            "threshold_metric_id": "",
            "treat_missing_data": "notBreaching",
            "unit": ""
          },
          "sensitive_attributes": [],
          "private": "eyJzY2hlbWFfdmVyc2lvbiI6IjEifQ==",
          "dependencies": [
            "aws_autoscaling_group.app_asg",
            "aws_db_instance.rds",
            "aws_db_subnet_group.rds_subnet_group",
            "aws_iam_instance_profile.ec2_profile",
            "aws_iam_role.ecs_instance_role",
            "aws_key_pair.this",
            "aws_launch_template.app",
            "aws_lb_target_group.tg",
            "aws_security_group.alb_sg",
            "aws_security_group.ec2_sg",
            "aws_security_group.rds_sg",
            "aws_sns_topic.alerts",
            "aws_subnet.private_a",
            "aws_subnet.private_b",
            "aws_vpc.main",
            "data.aws_region.current"
          ]
        }
      ]
    },
    {
      "mode": "managed",
      "type": "aws_cloudwatch_metric_alarm",
      "name": "asg_status_failed",
      "provider": "provider[\"registry.terraform.io/hashicorp/aws\"]",
      "instances": [
        {
          "schema_version": 1,
          "attributes": {
            "actions_enabled": true,
            "alarm_actions": [
              "arn:aws:sns:eu-central-1:211198316879:kacmat-app-alerts"
            ],
            "alarm_description": "Status check failed",
            "alarm_name": "kacmat-app-asg-status-failed",
            "arn": "arn:aws:cloudwatch:eu-central-1:211198316879:alarm:kacmat-app-asg-status-failed",
            "comparison_operator": "GreaterThanThreshold",
            "datapoints_to_alarm": 0,
            "dimensions": {
              "AutoScalingGroupName": "kacmat-app-asg"
            },
            "evaluate_low_sample_count_percentiles": "",
            "evaluation_periods": 2,
            "extended_statistic": "",
            "id": "kacmat-app-asg-status-failed",
            "insufficient_data_actions": [],
            "metric_name": "StatusCheckFailed",
            "metric_query": [],
            "namespace": "AWS/EC2",
            "ok_actions": [
              "arn:aws:sns:eu-central-1:211198316879:kacmat-app-alerts"
            ],
            "period": 60,
            "region": "eu-central-1",
            "statistic": "Maximum",
            "tags": {},
            "tags_all": {},
            "threshold": 0,
            "threshold_metric_id": "",
            "treat_missing_data": "notBreaching",
            "unit": ""
          },
          "sensitive_attributes": [],
          "private": "eyJzY2hlbWFfdmVyc2lvbiI6IjEifQ==",
          "dependencies": [
            "aws_autoscaling_group.app_asg",
            "aws_db_instance.rds",
            "aws_db_subnet_group.rds_subnet_group",
            "aws_iam_instance_profile.ec2_profile",
            "aws_iam_role.ecs_instance_role",
            "aws_key_pair.this",
            "aws_launch_template.app",
            "aws_lb_target_group.tg",
            "aws_security_group.alb_sg",
            "aws_security_group.ec2_sg",
            "aws_security_group.rds_sg",
            "aws_sns_topic.alerts",
            "aws_subnet.private_a",
            "aws_subnet.private_b",
            "aws_vpc.main",
            "data.aws_region.current"
          ]
        }
      ]
    },
    {
      "mode": "managed",
      "type": "aws_db_instance",
      "name": "rds",
      "provider": "provider[\"registry.terraform.io/hashicorp/aws\"]",
      "instances": [
        {
          "schema_version": 2,
          "attributes": {
            "address": "kacmat-app-rds.cbu6sqo6aeeh.eu-central-1.rds.amazonaws.com",
            "allocated_storage": 20,
            "allow_major_version_upgrade": null,
            "apply_immediately": false,
            "arn": "arn:aws:rds:eu-central-1:211198316879:db:kacmat-app-rds",
            "auto_minor_version_upgrade": true,
            "availability_zone": "eu-central-1a",
            "backup_retention_period": 1,
            "backup_target": "region",
            "backup_window": "02:27-02:57",
            "blue_green_update": [],
            "ca_cert_identifier": "rds-ca-rsa2048-g1",
            "character_set_name": "",
            "copy_tags_to_snapshot": false,
            "custom_iam_instance_profile": "",
            "customer_owned_ip_enabled": false,
            "database_insights_mode": "standard",
            "db_name": "",
            "db_subnet_group_name": "kacmat-app-rds-subnet-group",
            "dedicated_log_volume": false,
            "delete_automated_backups": true,
            "deletion_protection": false,
            "domain": "",
            "domain_auth_secret_arn": "",
            "domain_dns_ips": [],
            "domain_fqdn": "",
            "domain_iam_role_name": "",
            "domain_ou": "",
            "enabled_cloudwatch_logs_exports": [],
            "endpoint": "kacmat-app-rds.cbu6sqo6aeeh.eu-central-1.rds.amazonaws.com:5432",
            "engine": "postgres",
            "engine_lifecycle_support": "open-source-rds-extended-support",
            "engine_version": "15.13",
            "engine_version_actual": "15.13",
            "final_snapshot_identifier": null,
            "hosted_zone_id": "Z1RLNUO7B9Q6NB",
            "iam_database_authentication_enabled": false,
            "id": "db-KJJPRU4LXSTGIH26IQVPRI2KLM",
            "identifier": "kacmat-app-rds",
            "identifier_prefix": "",
            "instance_class": "db.t3.micro",
            "iops": 0,
            "kms_key_id": "arn:aws:kms:eu-central-1:211198316879:key/f45dc633-538d-4f5d-801f-b5820e550e7d",
            "latest_restorable_time": "2025-11-15T23:29:31Z",
            "license_model": "postgresql-license",
            "listener_endpoint": [],
            "maintenance_window": "fri:04:22-fri:04:52",
            "manage_master_user_password": null,
            "master_user_secret": [],
            "master_user_secret_kms_key_id": null,
            "max_allocated_storage": 0,
            "monitoring_interval": 0,
            "monitoring_role_arn": "",
            "multi_az": false,
            "nchar_character_set_name": "",
            "network_type": "IPV4",
            "option_group_name": "default:postgres-15",
            "parameter_group_name": "default.postgres15",
            "password": "T6riYdfwW86E2id84ECU",
            "password_wo": null,
            "password_wo_version": null,
            "performance_insights_enabled": false,
            "performance_insights_kms_key_id": "",
            "performance_insights_retention_period": 0,
            "port": 5432,
            "publicly_accessible": false,
            "region": "eu-central-1",
            "replica_mode": "",
            "replicas": [],
            "replicate_source_db": "",
            "resource_id": "db-KJJPRU4LXSTGIH26IQVPRI2KLM",
            "restore_to_point_in_time": [],
            "s3_import": [],
            "skip_final_snapshot": true,
            "snapshot_identifier": null,
            "status": "available",
            "storage_encrypted": true,
            "storage_throughput": 0,
            "storage_type": "gp2",
            "tags": {
              "Name": "kacmat-app-rds"
            },
            "tags_all": {
              "Name": "kacmat-app-rds"
            },
            "timeouts": null,
            "timezone": "",
            "upgrade_storage_config": null,
            "username": "kacmat",
            "vpc_security_group_ids": [
              "sg-0ef8b4b4c28ec6953"
            ]
          },
          "sensitive_attributes": [
            [
              {
                "type": "get_attr",
                "value": "password_wo"
              }
            ],
            [
              {
                "type": "get_attr",
                "value": "password"
              }
            ]
          ],
          "private": "eyJlMmJmYjczMC1lY2FhLTExZTYtOGY4OC0zNDM2M2JjN2M0YzAiOnsiY3JlYXRlIjozMDAwMDAwMDAwMDAwLCJkZWxldGUiOjM2MDAwMDAwMDAwMDAsInVwZGF0ZSI6NDgwMDAwMDAwMDAwMH0sInNjaGVtYV92ZXJzaW9uIjoiMiJ9",
          "dependencies": [
            "aws_db_subnet_group.rds_subnet_group",
            "aws_security_group.alb_sg",
            "aws_security_group.ec2_sg",
            "aws_security_group.rds_sg",
            "aws_subnet.private_a",
            "aws_subnet.private_b",
            "aws_vpc.main"
          ],
          "create_before_destroy": true
        }
      ]
    },
    {
      "mode": "managed",
      "type": "aws_db_subnet_group",
      "name": "rds_subnet_group",
      "provider": "provider[\"registry.terraform.io/hashicorp/aws\"]",
      "instances": [
        {
          "schema_version": 0,
          "attributes": {
            "arn": "arn:aws:rds:eu-central-1:211198316879:subgrp:kacmat-app-rds-subnet-group",
            "description": "Managed by Terraform",
            "id": "kacmat-app-rds-subnet-group",
            "name": "kacmat-app-rds-subnet-group",
            "name_prefix": "",
            "region": "eu-central-1",
            "subnet_ids": [
              "subnet-0c51a99d67b02c4b8",
              "subnet-0cba2c4789cacedbe"
            ],
            "supported_network_types": [
              "IPV4"
            ],
            "tags": {
              "Name": "kacmat-app-rds-subnet-group"
            },
            "tags_all": {
              "Name": "kacmat-app-rds-subnet-group"
            },
            "vpc_id": "vpc-05b07fc0cf3fe324d"
          },
          "sensitive_attributes": [],
          "private": "bnVsbA==",
          "dependencies": [
            "aws_subnet.private_a",
            "aws_subnet.private_b",
            "aws_vpc.main"
          ],
          "create_before_destroy": true
        }
      ]
    },
    {
      "mode": "managed",
      "type": "aws_eip",
      "name": "nat_eip",
      "provider": "provider[\"registry.terraform.io/hashicorp/aws\"]",
      "instances": [
        {
          "schema_version": 0,
          "attributes": {
            "address": null,
            "allocation_id": "eipalloc-0f5fa386d22922bb4",
            "arn": "arn:aws:ec2:eu-central-1:211198316879:elastic-ip/eipalloc-0f5fa386d22922bb4",
            "associate_with_private_ip": null,
            "association_id": "eipassoc-09f80754bb6026b5e",
            "carrier_ip": "",
            "customer_owned_ip": "",
            "customer_owned_ipv4_pool": "",
            "domain": "vpc",
            "id": "eipalloc-0f5fa386d22922bb4",
            "instance": "",
            "ipam_pool_id": null,
            "network_border_group": "eu-central-1",
            "network_interface": "eni-0b8984a1ce99647de",
            "private_dns": "ip-10-0-1-98.eu-central-1.compute.internal",
            "private_ip": "10.0.1.98",
            "ptr_record": "",
            "public_dns": "ec2-3-64-86-13.eu-central-1.compute.amazonaws.com",
            "public_ip": "3.64.86.13",
            "public_ipv4_pool": "amazon",
            "region": "eu-central-1",
            "tags": {},
            "tags_all": {},
            "timeouts": null
          },
          "sensitive_attributes": [],
          "private": "eyJlMmJmYjczMC1lY2FhLTExZTYtOGY4OC0zNDM2M2JjN2M0YzAiOnsiZGVsZXRlIjoxODAwMDAwMDAwMDAsInJlYWQiOjkwMDAwMDAwMDAwMCwidXBkYXRlIjozMDAwMDAwMDAwMDB9fQ=="
        }
      ]
    },
    {
      "mode": "managed",
      "type": "aws_flow_log",
      "name": "vpc_to_s3",
      "provider": "provider[\"registry.terraform.io/hashicorp/aws\"]",
      "instances": [
        {
          "schema_version": 1,
          "attributes": {
            "arn": "arn:aws:ec2:eu-central-1:211198316879:vpc-flow-log/fl-029571bc07bec76de",
            "deliver_cross_account_role": "",
            "destination_options": [
              {
                "file_format": "plain-text",
                "hive_compatible_partitions": false,
                "per_hour_partition": false
              }
            ],
            "eni_id": null,
            "iam_role_arn": "",
            "id": "fl-029571bc07bec76de",
            "log_destination": "arn:aws:s3:::kacmat-app-alb-logs-211198316879-eu-central-1/vpc-flow-logs",
            "log_destination_type": "s3",
            "log_format": "${version} ${account-id} ${interface-id} ${srcaddr} ${dstaddr} ${srcport} ${dstport} ${protocol} ${packets} ${bytes} ${start} ${end} ${action} ${log-status} ${vpc-id} ${subnet-id} ${instance-id}",
            "max_aggregation_interval": 600,
            "region": "eu-central-1",
            "subnet_id": null,
            "tags": {},
            "tags_all": {},
            "traffic_type": "ALL",
            "transit_gateway_attachment_id": null,
            "transit_gateway_id": null,
            "vpc_id": "vpc-05b07fc0cf3fe324d"
          },
          "sensitive_attributes": [],
          "private": "eyJzY2hlbWFfdmVyc2lvbiI6IjEifQ==",
          "dependencies": [
            "aws_s3_bucket.alb_logs",
            "aws_vpc.main",
            "data.aws_caller_identity.current",
            "data.aws_region.current"
          ]
        }
      ]
    },
    {
      "mode": "managed",
      "type": "aws_iam_instance_profile",
      "name": "ec2_profile",
      "provider": "provider[\"registry.terraform.io/hashicorp/aws\"]",
      "instances": [
        {
          "schema_version": 0,
          "attributes": {
            "arn": "arn:aws:iam::211198316879:instance-profile/kacmat-app-ec2-profile",
            "create_date": "2025-11-15T14:22:12Z",
            "id": "kacmat-app-ec2-profile",
            "name": "kacmat-app-ec2-profile",
            "name_prefix": "",
            "path": "/",
            "role": "kacmat-app-ec2-role",
            "tags": {},
            "tags_all": {},
            "unique_id": "AIPATCLDGSFHSFTI5POZZ"
          },
          "sensitive_attributes": [],
          "private": "bnVsbA==",
          "dependencies": [
            "aws_iam_role.ecs_instance_role"
          ],
          "create_before_destroy": true
        }
      ]
    },
    {
      "mode": "managed",
      "type": "aws_iam_policy",
      "name": "cw_agent",
      "provider": "provider[\"registry.terraform.io/hashicorp/aws\"]",
      "instances": [
        {
          "schema_version": 0,
          "attributes": {
            "arn": "arn:aws:iam::211198316879:policy/kacmat-app-cwagent",
            "attachment_count": 1,
            "description": "",
            "id": "arn:aws:iam::211198316879:policy/kacmat-app-cwagent",
            "name": "kacmat-app-cwagent",
            "name_prefix": "",
            "path": "/",
            "policy": "{\"Statement\":[{\"Action\":[\"logs:PutLogEvents\",\"logs:DescribeLogStreams\",\"logs:CreateLogStream\",\"logs:CreateLogGroup\",\"cloudwatch:PutMetricData\"],\"Effect\":\"Allow\",\"Resource\":\"*\"}],\"Version\":\"2012-10-17\"}",
            "policy_id": "ANPATCLDGSFHRYOARC77H",
            "tags": {},
            "tags_all": {}
          },
          "sensitive_attributes": [],
          "private": "bnVsbA==",
          "dependencies": [
            "data.aws_iam_policy_document.cw_agent"
          ]
        }
      ]
    },
    {
      "mode": "managed",
      "type": "aws_iam_policy",
      "name": "ec2_ssm_read",
      "provider": "provider[\"registry.terraform.io/hashicorp/aws\"]",
      "instances": [
        {
          "schema_version": 0,
          "attributes": {
            "arn": "arn:aws:iam::211198316879:policy/kacmat-app-ec2-ssm-read",
            "attachment_count": 1,
            "description": "EC2 can read app params from SSM",
            "id": "arn:aws:iam::211198316879:policy/kacmat-app-ec2-ssm-read",
            "name": "kacmat-app-ec2-ssm-read",
            "name_prefix": "",
            "path": "/",
            "policy": "{\"Statement\":[{\"Action\":[\"ssm:GetParametersByPath\",\"ssm:GetParameters\",\"ssm:GetParameter\"],\"Effect\":\"Allow\",\"Resource\":\"arn:aws:ssm:eu-central-1:211198316879:parameter/kacmat/app/*\",\"Sid\":\"ReadAppParameters\"}],\"Version\":\"2012-10-17\"}",
            "policy_id": "ANPATCLDGSFH4BX4ZR6O3",
            "tags": {},
            "tags_all": {}
          },
          "sensitive_attributes": [],
          "private": "bnVsbA==",
          "dependencies": [
            "data.aws_caller_identity.current",
            "data.aws_iam_policy_document.ec2_ssm_read",
            "data.aws_region.current"
          ]
        }
      ]
    },
    {
      "mode": "managed",
      "type": "aws_iam_role",
      "name": "ecs_instance_role",
      "provider": "provider[\"registry.terraform.io/hashicorp/aws\"]",
      "instances": [
        {
          "schema_version": 0,
          "attributes": {
            "arn": "arn:aws:iam::211198316879:role/kacmat-app-ec2-role",
            "assume_role_policy": "{\"Statement\":[{\"Action\":\"sts:AssumeRole\",\"Effect\":\"Allow\",\"Principal\":{\"Service\":\"ec2.amazonaws.com\"}}],\"Version\":\"2012-10-17\"}",
            "create_date": "2025-11-15T14:22:11Z",
            "description": "",
            "force_detach_policies": false,
            "id": "kacmat-app-ec2-role",
            "inline_policy": [],
            "managed_policy_arns": [
              "arn:aws:iam::211198316879:policy/kacmat-app-cwagent",
              "arn:aws:iam::211198316879:policy/kacmat-app-ec2-ssm-read",
              "arn:aws:iam::aws:policy/AmazonSSMManagedInstanceCore"
            ],
            "max_session_duration": 3600,
            "name": "kacmat-app-ec2-role",
            "name_prefix": "",
            "path": "/",
            "permissions_boundary": "",
            "tags": {},
            "tags_all": {},
            "unique_id": "AROATCLDGSFHRULGW7LTC"
          },
          "sensitive_attributes": [],
          "private": "bnVsbA==",
          "create_before_destroy": true
        }
      ]
    },
    {
      "mode": "managed",
      "type": "aws_iam_role_policy_attachment",
      "name": "ec2_attach_cwagent",
      "provider": "provider[\"registry.terraform.io/hashicorp/aws\"]",
      "instances": [
        {
          "schema_version": 0,
          "attributes": {
            "id": "kacmat-app-ec2-role/arn:aws:iam::211198316879:policy/kacmat-app-cwagent",
            "policy_arn": "arn:aws:iam::211198316879:policy/kacmat-app-cwagent",
            "role": "kacmat-app-ec2-role"
          },
          "sensitive_attributes": [],
          "private": "bnVsbA==",
          "dependencies": [
            "aws_iam_policy.cw_agent",
            "aws_iam_role.ecs_instance_role",
            "data.aws_iam_policy_document.cw_agent"
          ]
        }
      ]
    },
    {
      "mode": "managed",
      "type": "aws_iam_role_policy_attachment",
      "name": "ec2_ssm_read_attach",
      "provider": "provider[\"registry.terraform.io/hashicorp/aws\"]",
      "instances": [
        {
          "schema_version": 0,
          "attributes": {
            "id": "kacmat-app-ec2-role/arn:aws:iam::211198316879:policy/kacmat-app-ec2-ssm-read",
            "policy_arn": "arn:aws:iam::211198316879:policy/kacmat-app-ec2-ssm-read",
            "role": "kacmat-app-ec2-role"
          },
          "sensitive_attributes": [],
          "private": "bnVsbA==",
          "dependencies": [
            "aws_iam_policy.ec2_ssm_read",
            "aws_iam_role.ecs_instance_role",
            "data.aws_caller_identity.current",
            "data.aws_iam_policy_document.ec2_ssm_read",
            "data.aws_region.current"
          ]
        }
      ]
    },
    {
      "mode": "managed",
      "type": "aws_iam_role_policy_attachment",
      "name": "ssm_core",
      "provider": "provider[\"registry.terraform.io/hashicorp/aws\"]",
      "instances": [
        {
          "schema_version": 0,
          "attributes": {
            "id": "kacmat-app-ec2-role/arn:aws:iam::aws:policy/AmazonSSMManagedInstanceCore",
            "policy_arn": "arn:aws:iam::aws:policy/AmazonSSMManagedInstanceCore",
            "role": "kacmat-app-ec2-role"
          },
          "sensitive_attributes": [],
          "private": "bnVsbA==",
          "dependencies": [
            "aws_iam_role.ecs_instance_role"
          ]
        }
      ]
    },
    {
      "mode": "managed",
      "type": "aws_internet_gateway",
      "name": "igw",
      "provider": "provider[\"registry.terraform.io/hashicorp/aws\"]",
      "instances": [
        {
          "schema_version": 0,
          "attributes": {
            "arn": "arn:aws:ec2:eu-central-1:211198316879:internet-gateway/igw-088ac7e39656537b0",
            "id": "igw-088ac7e39656537b0",
            "owner_id": "211198316879",
            "region": "eu-central-1",
            "tags": {
              "Name": "kacmat-app-igw"
            },
            "tags_all": {
              "Name": "kacmat-app-igw"
            },
            "timeouts": null,
            "vpc_id": "vpc-05b07fc0cf3fe324d"
          },
          "sensitive_attributes": [],
          "private": "eyJlMmJmYjczMC1lY2FhLTExZTYtOGY4OC0zNDM2M2JjN2M0YzAiOnsiY3JlYXRlIjoxMjAwMDAwMDAwMDAwLCJkZWxldGUiOjEyMDAwMDAwMDAwMDAsInVwZGF0ZSI6MTIwMDAwMDAwMDAwMH19",
          "dependencies": [
            "aws_vpc.main"
          ]
        }
      ]
    },
    {
      "mode": "managed",
      "type": "aws_key_pair",
      "name": "this",
      "provider": "provider[\"registry.terraform.io/hashicorp/aws\"]",
      "instances": [
        {
          "schema_version": 1,
          "attributes": {
            "arn": "arn:aws:ec2:eu-central-1:211198316879:key-pair/kacmat",
            "fingerprint": "LNzDiIVJtsZt9JvpCflQ/bqLjRpciDnNXWwnX43glFI=",
            "id": "kacmat",
            "key_name": "kacmat",
            "key_name_prefix": "",
            "key_pair_id": "key-07989cf4e5b523bf5",
            "key_type": "ed25519",
            "public_key": "ssh-ed25519 AAAAC3NzaC1lZDI1NTE5AAAAIM/HvXQ+pgZ57wsR3dUFPknOOJ80LfPEWQn/ah9bxikB kacmat",
            "region": "eu-central-1",
            "tags": {},
            "tags_all": {}
          },
          "sensitive_attributes": [],
          "private": "eyJzY2hlbWFfdmVyc2lvbiI6IjEifQ==",
          "create_before_destroy": true
        }
      ]
    },
    {
      "mode": "managed",
      "type": "aws_launch_template",
      "name": "app",
      "provider": "provider[\"registry.terraform.io/hashicorp/aws\"]",
      "instances": [
        {
          "schema_version": 1,
          "attributes": {
            "arn": "arn:aws:ec2:eu-central-1:211198316879:launch-template/lt-00cddb53e352d231e",
            "block_device_mappings": [],
            "capacity_reservation_specification": [],
            "cpu_options": [],
            "credit_specification": [],
            "default_version": 1,
            "description": "",
            "disable_api_stop": false,
            "disable_api_termination": false,
            "ebs_optimized": "",
            "enclave_options": [],
            "hibernation_options": [],
            "iam_instance_profile": [
              {
                "arn": "",
                "name": "kacmat-app-ec2-profile"
              }
            ],
            "id": "lt-00cddb53e352d231e",
            "image_id": "ami-04e601abe3e1a910f",
            "instance_initiated_shutdown_behavior": "",
            "instance_market_options": [
              {
                "market_type": "spot",
                "spot_options": [
                  {
                    "block_duration_minutes": 0,
                    "instance_interruption_behavior": "terminate",
                    "max_price": "",
                    "spot_instance_type": "",
                    "valid_until": ""
                  }
                ]
              }
            ],
            "instance_requirements": [],
            "instance_type": "t3.micro",
            "kernel_id": "",
            "key_name": "kacmat",
            "latest_version": 17,
            "license_specification": [],
            "maintenance_options": [],
            "metadata_options": [],
            "monitoring": [],
            "name": "kacmat-app-lt-20251115140637359800000001",
            "name_prefix": "kacmat-app-lt-",
            "network_interfaces": [
              {
                "associate_carrier_ip_address": "",
                "associate_public_ip_address": "false",
                "connection_tracking_specification": [],
                "delete_on_termination": "",
                "description": "",
                "device_index": 0,
                "ena_srd_specification": [],
                "interface_type": "",
                "ipv4_address_count": 0,
                "ipv4_addresses": [],
                "ipv4_prefix_count": 0,
                "ipv4_prefixes": [],
                "ipv6_address_count": 0,
                "ipv6_addresses": [],
                "ipv6_prefix_count": 0,
                "ipv6_prefixes": [],
                "network_card_index": 0,
                "network_interface_id": "",
                "primary_ipv6": "",
                "private_ip_address": "",
                "security_groups": [
                  "sg-08cbceb3087324301"
                ],
                "subnet_id": ""
              }
            ],
            "placement": [],
            "private_dns_name_options": [],
            "ram_disk_id": "",
            "region": "eu-central-1",
            "security_group_names": [],
            "tag_specifications": [
              {
                "resource_type": "instance",
                "tags": {
                  "Name": "kacmat-app-ec2"
                }
              }
            ],
            "tags": {},
            "tags_all": {},
            "update_default_version": null,
            "user_data": "IyEvYmluL2Jhc2gKc2V0IC1ldW8gcGlwZWZhaWwKCiMgLS0tIFBha2lldHkgaSB1xbx5dGtvd25payAtLS0KYXB0LWdldCB1cGRhdGUgLXkKYXB0LWdldCBpbnN0YWxsIC15IGdpdCBuZ2lueCBweXRob24zLXZlbnYgcHl0aG9uMy1waXAgcG9zdGdyZXNxbC1jbGllbnQgYXdzY2xpCmlkIC11IGFwcCA+L2Rldi9udWxsIDI+JjEgfHwgdXNlcmFkZCAtbSAtcyAvYmluL2Jhc2ggYXBwCgojIC0tLSBQYXJhbWV0cnkgeiBUZXJyYWZvcm1hIC0tLQpSRVBPX1VSTD0iaHR0cHM6Ly9naXRodWIuY29tL0thdXVzZWsva2FjbWF0LWluZnJhLmdpdCIKQVBQX0RJUl9CQVNFPSIvaG9tZS9hcHAva2FjbWF0LWluZnJhIiAgICAgICAgICAjIG5wLiAvaG9tZS9hcHAva2FjbWF0LWluZnJhCkFQUF9ESVI9IiRBUFBfRElSX0JBU0UvYXBwIiAgICAgICAgIyBkb2NlbG93eSBrYXRhbG9nIGFwbGlrYWNqaQpBV1NfUkVHSU9OPSJldS1jZW50cmFsLTEiCgojIC0tLSBQb2JyYW5pZSBwYXJhbWV0csOzdyB6IFNTTSAoU2VjdXJlU3RyaW5nICsgU3RyaW5nKSAtLS0KZ2V0cCgpIHsgYXdzIHNzbSBnZXQtcGFyYW1ldGVyIC0tbmFtZSAiJDEiIC0td2l0aC1kZWNyeXB0aW9uIC0tcXVlcnkgJ1BhcmFtZXRlci5WYWx1ZScgLS1vdXRwdXQgdGV4dCAtLXJlZ2lvbiAiJEFXU19SRUdJT04iOyB9CmdldHBzKCkgeyBhd3Mgc3NtIGdldC1wYXJhbWV0ZXIgLS1uYW1lICIkMSIgICAgICAgICAgICAgICAgIC0tcXVlcnkgJ1BhcmFtZXRlci5WYWx1ZScgLS1vdXRwdXQgdGV4dCAtLXJlZ2lvbiAiJEFXU19SRUdJT04iOyB9CgpBUFBfU0VDUkVUPSIkKGdldHAgIi9rYWNtYXQvYXBwL0FQUF9TRUNSRVQiKSIKREJfUEFTUz0iJChnZXRwICIva2FjbWF0L2FwcC9EQl9QQVNTIikiCiMgSmXFm2xpIGNoY2VzeiB1xbx5xIcgeiBTU00gdGFrxbxlIHVzZXIvbmFtZSwgb2Rrb21lbnR1aiBsaW5pZSBwb25pxbxlaiBpIHVzdcWEIGljaCB1xbx5Y2llIHogVEYKIyBEQl9VU0VSPSIkKGdldHBzICIva2FjbWF0L2FwcC9EQl9VU0VSIikiCiMgREJfTkFNRT0iJChnZXRwcyAiL2thY21hdC9hcHAvREJfTkFNRSIpIgoKREJfSE9TVD0ia2FjbWF0LWFwcC1yZHMuY2J1NnNxbzZhZWVoLmV1LWNlbnRyYWwtMS5yZHMuYW1hem9uYXdzLmNvbSIKREJfVVNFUj0ia2FjbWF0IgpEQl9OQU1FPSJrYWNtYXRkYiIKCiMgLS0tIFJlcG8gLS0tCnN1ZG8gLXUgYXBwIGJhc2ggLWxjICIKICBpZiBbIC1kIFwiJEFQUF9ESVJfQkFTRS8uZ2l0XCIgXTsgdGhlbgogICAgY2QgXCIkQVBQX0RJUl9CQVNFXCIgJiYgZ2l0IHJlc2V0IC0taGFyZCBIRUFEICYmIGdpdCBwdWxsIC0tcmViYXNlIHx8IHRydWUKICBlbHNlCiAgICBpZiBbIC1kIFwiJEFQUF9ESVJfQkFTRVwiIF0gJiYgWyAhIC1kIFwiJEFQUF9ESVJfQkFTRS8uZ2l0XCIgXTsgdGhlbgogICAgICBybSAtcmYgXCIkQVBQX0RJUl9CQVNFXCIKICAgIGZpCiAgICBnaXQgY2xvbmUgXCIkUkVQT19VUkxcIiBcIiRBUFBfRElSX0JBU0VcIiB8fCB0cnVlCiAgZmkKIgpta2RpciAtcCAiJEFQUF9ESVIiCmNob3duIC1SIGFwcDphcHAgIiRBUFBfRElSX0JBU0UiCgojIC0tLSBWZW52ICsgZGVwcyAtLS0KcHl0aG9uMyAtbSB2ZW52IC9ob21lL2FwcC92ZW52Ci9ob21lL2FwcC92ZW52L2Jpbi9waXAgaW5zdGFsbCAtLXVwZ3JhZGUgcGlwCgppZiBbICEgLWYgIiRBUFBfRElSL3JlcXVpcmVtZW50cy50eHQiIF07IHRoZW4KICBjYXQgPiAiJEFQUF9ESVIvcmVxdWlyZW1lbnRzLnR4dCIgPDwnUkVRJwpmbGFzaz09My4wLjAKZ3VuaWNvcm49PTIxLjIuMApwc3ljb3BnMi1iaW5hcnk9PTIuOS45CnB5dGhvbi1kYXRldXRpbD09Mi45LjAucG9zdDAKaXRzZGFuZ2Vyb3VzPT0yLjIuMAp3ZXJremV1Zz09My4wLjMKUkVRCiAgY2hvd24gYXBwOmFwcCAiJEFQUF9ESVIvcmVxdWlyZW1lbnRzLnR4dCIKZmkKCi9ob21lL2FwcC92ZW52L2Jpbi9waXAgaW5zdGFsbCAtciAiJEFQUF9ESVIvcmVxdWlyZW1lbnRzLnR4dCIKCiMgLS0tIEJvb3RzdHJhcCBEQiAoaWRlbXBvdGVudG5pZSkgLS0tCmV4cG9ydCBQR1BBU1NXT1JEPSIkREJfUEFTUyIKCkVYSVNUUz0iJChwc3FsIC1oICIkREJfSE9TVCIgLVUgIiREQl9VU0VSIiAtZCBwb3N0Z3JlcyAtQXRjICJTRUxFQ1QgMSBGUk9NIHBnX2RhdGFiYXNlIFdIRVJFIGRhdG5hbWU9JyREQl9OQU1FJyIgfHwgdHJ1ZSkiCmlmIFsgIiRFWElTVFMiICE9ICIxIiBdOyB0aGVuCiAgcHNxbCAtaCAiJERCX0hPU1QiIC1VICIkREJfVVNFUiIgLWQgcG9zdGdyZXMgLWMgIkNSRUFURSBEQVRBQkFTRSAkREJfTkFNRSBPV05FUiAkREJfVVNFUjsiCmZpCgpjYXQgPi90bXAvc2NoZW1hLnNxbCA8PCdTUUwnCkNSRUFURSBUQUJMRSBJRiBOT1QgRVhJU1RTIG1ldHJpY3MgKAogIGlkIEJJR1NFUklBTCBQUklNQVJZIEtFWSwKICB0cyBUSU1FU1RBTVBUWiBOT1QgTlVMTCBERUZBVUxUIG5vdygpLAogIG1ldHJpYyBURVhUIE5PVCBOVUxMLAogIHZhbHVlIERPVUJMRSBQUkVDSVNJT04gTk9UIE5VTEwsCiAgdGFncyBKU09OQiBERUZBVUxUICd7fSc6Ompzb25iCik7CkNSRUFURSBJTkRFWCBJRiBOT1QgRVhJU1RTIGlkeF9tZXRyaWNzX3RzIE9OIG1ldHJpY3ModHMpOwpDUkVBVEUgSU5ERVggSUYgTk9UIEVYSVNUUyBpZHhfbWV0cmljc19tZXRyaWNfdHMgT04gbWV0cmljcyhtZXRyaWMsIHRzIERFU0MpOwoKQ1JFQVRFIFRBQkxFIElGIE5PVCBFWElTVFMgYXBwX3VzZXJzICgKICBpZCBCSUdTRVJJQUwgUFJJTUFSWSBLRVksCiAgdXNlcm5hbWUgVEVYVCBVTklRVUUgTk9UIE5VTEwsCiAgcGFzc3dvcmRfaGFzaCBURVhUIE5PVCBOVUxMLAogIHJvbGUgVEVYVCBOT1QgTlVMTCBERUZBVUxUICd2aWV3ZXInLAogIGNyZWF0ZWRfYXQgVElNRVNUQU1QVFogTk9UIE5VTEwgREVGQVVMVCBub3coKQopOwoKQ1JFQVRFIFRBQkxFIElGIE5PVCBFWElTVFMgYXVkaXRfbG9nICgKICBpZCBCSUdTRVJJQUwgUFJJTUFSWSBLRVksCiAgdHMgVElNRVNUQU1QVFogTk9UIE5VTEwgREVGQVVMVCBub3coKSwKICBhY3RvciBURVhULAogIGFjdGlvbiBURVhULAogIGRldGFpbHMgSlNPTkIKKTsKCkNSRUFURSBUQUJMRSBJRiBOT1QgRVhJU1RTIGFubm90YXRpb25zICgKICBpZCBCSUdTRVJJQUwgUFJJTUFSWSBLRVksCiAgdHMgVElNRVNUQU1QVFogTk9UIE5VTEwsCiAgbWV0cmljIFRFWFQgTk9UIE5VTEwsCiAgbm90ZSBURVhUIE5PVCBOVUxMLAogIGF1dGhvciBURVhULAogIGNyZWF0ZWRfYXQgVElNRVNUQU1QVFogTk9UIE5VTEwgREVGQVVMVCBub3coKQopOwoKQ1JFQVRFIElOREVYIElGIE5PVCBFWElTVFMgaWR4X21ldHJpY3NfbWV0cmljX3RzX3RhZ3MgT04gbWV0cmljcyhtZXRyaWMsIHRzKSBJTkNMVURFICh0YWdzKTsKClNRTAoKcHNxbCAtaCAiJERCX0hPU1QiIC1VICIkREJfVVNFUiIgLWQgIiREQl9OQU1FIiAtZiAvdG1wL3NjaGVtYS5zcWwKCiMgQWRtaW4gKGhhc2ggdyBQeXRob25pZSkKQURNSU5fSEFTSD0iJCgvaG9tZS9hcHAvdmVudi9iaW4vcHl0aG9uMyAtIDw8J1BZJwpmcm9tIHdlcmt6ZXVnLnNlY3VyaXR5IGltcG9ydCBnZW5lcmF0ZV9wYXNzd29yZF9oYXNoCnByaW50KGdlbmVyYXRlX3Bhc3N3b3JkX2hhc2goImFkbWluMTIzIikpClBZCikiCkhBU19BRE1JTj0iJChwc3FsIC1oICIkREJfSE9TVCIgLVUgIiREQl9VU0VSIiAtZCAiJERCX05BTUUiIC1BdGMgIlNFTEVDVCAxIEZST00gYXBwX3VzZXJzIFdIRVJFIHVzZXJuYW1lPSdhZG1pbiciIHx8IHRydWUpIgppZiBbICIkSEFTX0FETUlOIiAhPSAiMSIgXTsgdGhlbgogIHBzcWwgLWggIiREQl9IT1NUIiAtVSAiJERCX1VTRVIiIC1kICIkREJfTkFNRSIgLWMgXAogICAgIklOU0VSVCBJTlRPIGFwcF91c2Vycyh1c2VybmFtZSxwYXNzd29yZF9oYXNoLHJvbGUpIFZBTFVFUyAoJ2FkbWluJywnJEFETUlOX0hBU0gnLCdhZG1pbicpOyIKZmkKCiMgLS0tIC9ldGMvYXBwLmVudiB6IHBhcmFtYW1pIChkbGEgc3lzdGVtZCkKY2F0ID4vZXRjL2FwcC5lbnYgPDxFT0YKREJfSE9TVD0kREJfSE9TVApEQl9OQU1FPSREQl9OQU1FCkRCX1VTRVI9JERCX1VTRVIKREJfUEFTUz0kREJfUEFTUwpBUFBfU0VDUkVUPSRBUFBfU0VDUkVUClNFU1NJT05fQ09PS0lFX1NFQ1VSRT10cnVlClNFU1NJT05fQ09PS0lFX1NBTUVTSVRFPUxheApFT0YKY2hvd24gcm9vdDpyb290IC9ldGMvYXBwLmVudgpjaG1vZCA2MDAgL2V0Yy9hcHAuZW52CgojIC0tLSBVbml0IHN5c3RlbWQgZGxhIEd1bmljb3JuYSAtLS0KY2F0ID4vZXRjL3N5c3RlbWQvc3lzdGVtL2FwcC5zZXJ2aWNlIDw8RU9GCltVbml0XQpEZXNjcmlwdGlvbj1HdW5pY29ybiBmb3Iga2FjbWF0IGFwcApBZnRlcj1uZXR3b3JrLnRhcmdldAoKW1NlcnZpY2VdCkVudmlyb25tZW50RmlsZT0vZXRjL2FwcC5lbnYKVXNlcj1hcHAKV29ya2luZ0RpcmVjdG9yeT0kQVBQX0RJUgpFeGVjU3RhcnQ9L2hvbWUvYXBwL3ZlbnYvYmluL2d1bmljb3JuIC0td29ya2VycyAyIC0tYmluZCAxMjcuMC4wLjE6NTAwMCBhcHA6YXBwClJlc3RhcnQ9YWx3YXlzCgpbSW5zdGFsbF0KV2FudGVkQnk9bXVsdGktdXNlci50YXJnZXQKRU9GCgpzeXN0ZW1jdGwgZGFlbW9uLXJlbG9hZApzeXN0ZW1jdGwgZW5hYmxlIC0tbm93IGFwcAoKIyAtLS0gTmdpbng6IHJldmVyc2UgcHJveHkgLS0tCmNhdCA+L2V0Yy9uZ2lueC9zaXRlcy1hdmFpbGFibGUvZGVmYXVsdCA8PCdOR0lOWCcKc2VydmVyIHsKICBsaXN0ZW4gODAgZGVmYXVsdF9zZXJ2ZXI7CiAgbGlzdGVuIFs6Ol06ODAgZGVmYXVsdF9zZXJ2ZXI7CiAgc2VydmVyX25hbWUgXzsKICBsb2NhdGlvbiAvIHsKICAgIHByb3h5X3Bhc3MgaHR0cDovLzEyNy4wLjAuMTo1MDAwOwogICAgcHJveHlfc2V0X2hlYWRlciBIb3N0ICRob3N0OwogICAgcHJveHlfc2V0X2hlYWRlciBYLVJlYWwtSVAgJHJlbW90ZV9hZGRyOwogICAgcHJveHlfc2V0X2hlYWRlciBYLUZvcndhcmRlZC1Gb3IgJHByb3h5X2FkZF94X2ZvcndhcmRlZF9mb3I7CiAgICBwcm94eV9zZXRfaGVhZGVyIFgtRm9yd2FyZGVkLVByb3RvICRzY2hlbWU7CiAgfQogIGxvY2F0aW9uID0gL2hlYWx0aHogewogIHByb3h5X3Bhc3MgaHR0cDovLzEyNy4wLjAuMTo1MDAwL2hlYWx0aHo7CiAgYWNjZXNzX2xvZyBvZmY7CiAgfQp9Ck5HSU5YCgpuZ2lueCAtdCAmJiBzeXN0ZW1jdGwgcmVsb2FkIG5naW54CgojIC0tLSBTZWVkZXI6IHdyenVjYSBwdW5rdHkgbWV0cnlrIGNvIG1pbnV0xJksIGFsZSB0eWxrbyBKRUROQSBpbnN0YW5jamEgZHppxJlraSBhZHZpc29yeSBsb2NrIC0tLQpjYXQgPi91c3IvbG9jYWwvYmluL3NlZWQtbWV0cmljcy5zaCA8PCdTSCcKIyEvdXNyL2Jpbi9lbnYgYmFzaApzZXQgLWV1byBwaXBlZmFpbAoKIyBXY3p5dGFqIGVudiBhcGxpa2FjamkgKERCXyoganXFvCB0YW0gbWFzeikKc291cmNlIC9ldGMvYXBwLmVudgoKIyBGdW5rY2phOiBnZW5lcnVqICLFvHlqxIVjZSIgd2FydG/Fm2NpIChzaW51cykKZ2VuX3ZhbCgpIHsKICAjIHVzYWdlOiBnZW5fdmFsIDxkaXZpZGVyPiA8YmFzZT4gPGFtcD4KICBweXRob24zIC0gIiRAIiA8PCdQWScKaW1wb3J0IG1hdGgsIHRpbWUsIHN5cwpkPWZsb2F0KHN5cy5hcmd2WzFdKTsgYmFzZT1mbG9hdChzeXMuYXJndlsyXSk7IGFtcD1mbG9hdChzeXMuYXJndlszXSkKdD10aW1lLnRpbWUoKQpwcmludChiYXNlICsgYW1wKm1hdGguc2luKHQvZCkpClBZCn0KCiMgU3Byw7NidWogcHJ6ZWrEhcSHIGJsb2thZMSZIChrbHVjeiA3NzcpLiBKZcWbbGkga3RvxZsganXFvCB0cnp5bWEg4oCUIHd5amTFui4KZXhwb3J0IFBHUEFTU1dPUkQ9IiREQl9QQVNTIgpMT0NLX09LPSQocHNxbCAtaCAiJERCX0hPU1QiIC1VICIkREJfVVNFUiIgLWQgIiREQl9OQU1FIiAtQXRjICJTRUxFQ1QgcGdfdHJ5X2Fkdmlzb3J5X2xvY2soNzc3KTsiIHx8IGVjaG8gImYiKQoKaWYgWyAiJExPQ0tfT0siICE9ICJ0IiBdOyB0aGVuCiAgZWNobyAiW3NlZWRdIG5vIGxvY2ssIHNraXBwaW5nIGF0ICQoZGF0ZSAtSXMpIgogIGV4aXQgMApmaQoKIyBXc3RhdyBwb21pYXJ5ClJFUT0kKGdlbl92YWwgNjAwICA4MCA0MCkgICAjIHJlcXVlc3RzCkxBVD0kKGdlbl92YWwgMzAwIDE1MCA2MCkgICAjIGxhdGVuY3lfbXMKRVJSPSQoZ2VuX3ZhbCA5MDAgICA1ICA1KSAgICMgZXJyb3JzID49IDAgdyBTUUwKCnBzcWwgLWggIiREQl9IT1NUIiAtVSAiJERCX1VTRVIiIC1kICIkREJfTkFNRSIgLXYgT05fRVJST1JfU1RPUD0xIDw8U1FMCklOU0VSVCBJTlRPIG1ldHJpY3ModHMsIG1ldHJpYywgdmFsdWUsIHRhZ3MpIFZBTFVFUwogIChub3coKSwgJ3JlcXVlc3RzJywgICAkUkVRLCAne30nOjpqc29uYiksCiAgKG5vdygpLCAnbGF0ZW5jeV9tcycsICRMQVQsICd7fSc6Ompzb25iKSwKICAobm93KCksICdlcnJvcnMnLCAgICAgR1JFQVRFU1QoMCwgJEVSUiksICd7fSc6Ompzb25iKTsKU0VMRUNUIHBnX2Fkdmlzb3J5X3VubG9jayg3NzcpOwpTUUwKU0gKY2htb2QgK3ggL3Vzci9sb2NhbC9iaW4vc2VlZC1tZXRyaWNzLnNoCgojIEplZG5vcmF6b3d5IHNlZWRlciAoZG8gdGVzdHUgbG9rYWxuaWUpOiAvdXNyL2xvY2FsL2Jpbi9zZWVkLW1ldHJpY3Muc2gKCiMgVW5pdCBzeXN0ZW1kICh3eWtvbnVqZSBza3J5cHQgcmF6KQpjYXQgPi9ldGMvc3lzdGVtZC9zeXN0ZW0vc2VlZC5zZXJ2aWNlIDw8J1VOSVQnCltVbml0XQpEZXNjcmlwdGlvbj1JbnNlcnQgZGVtbyBtZXRyaWNzIChzaW5nbGUgcnVuIHdpdGggYWR2aXNvcnkgbG9jaykKV2FudHM9bmV0d29yay1vbmxpbmUudGFyZ2V0CkFmdGVyPW5ldHdvcmstb25saW5lLnRhcmdldAoKW1NlcnZpY2VdClR5cGU9b25lc2hvdApFbnZpcm9ubWVudEZpbGU9L2V0Yy9hcHAuZW52CkV4ZWNTdGFydD0vdXNyL2xvY2FsL2Jpbi9zZWVkLW1ldHJpY3Muc2gKU3RhbmRhcmRPdXRwdXQ9am91cm5hbApTdGFuZGFyZEVycm9yPWpvdXJuYWwKVU5JVAoKIyBUaW1lciBjbyBtaW51dMSZICh6IGxvc293eW0gcm96cnp1dGVtLCDFvGVieSBuaWUgd2FsacSHIGRva8WCYWRuaWUgdyB0xJkgc2FtxIUgc2VrdW5kxJkpCmNhdCA+L2V0Yy9zeXN0ZW1kL3N5c3RlbS9zZWVkLnRpbWVyIDw8J1RJTUVSJwpbVW5pdF0KRGVzY3JpcHRpb249UnVuIGRlbW8gbWV0cmljcyBzZWVkZXIgZXZlcnkgbWludXRlCgpbVGltZXJdCk9uQ2FsZW5kYXI9KjowLzEKUmFuZG9taXplZERlbGF5U2VjPTIwClBlcnNpc3RlbnQ9dHJ1ZQoKW0luc3RhbGxdCldhbnRlZEJ5PXRpbWVycy50YXJnZXQKVElNRVIKCnN5c3RlbWN0bCBkYWVtb24tcmVsb2FkCnN5c3RlbWN0bCBlbmFibGUgLS1ub3cgc2VlZC50aW1lcgoKIyAtLS0gQ2xvdWRXYXRjaCBBZ2VudDogaW5zdGFsYWNqYSArIGtvbmZpZ3VyYWNqYSBsb2fDs3cgLS0tCmlmICEgZHBrZyAtcyBhbWF6b24tY2xvdWR3YXRjaC1hZ2VudCA+L2Rldi9udWxsIDI+JjE7IHRoZW4KICBhcHQtZ2V0IHVwZGF0ZSAteQogIGFwdC1nZXQgaW5zdGFsbCAteSBjdXJsCiAgY3VybCAtc1NMbyAvdG1wL2N3YWdlbnQuZGViICJodHRwczovL2FtYXpvbmNsb3Vkd2F0Y2gtYWdlbnQuczMuZXUtY2VudHJhbC0xLmFtYXpvbmF3cy5jb20vdWJ1bnR1L2FtZDY0L2xhdGVzdC9hbWF6b24tY2xvdWR3YXRjaC1hZ2VudC5kZWIiCiAgZHBrZyAtaSAvdG1wL2N3YWdlbnQuZGViCmZpCgojIExvZ2kgZGxhIGFwbGlrYWNqaSAoR3VuaWNvcm4pIGRvIHBsaWvDs3csIMW8ZWJ5IGFnZW50IG1pYcWCIGNvIHpiaWVyYcSHCm1rZGlyIC1wIC92YXIvbG9nL2FwcApjaG93biBhcHA6YXBwIC92YXIvbG9nL2FwcAoKIyBOYWRwaXN1amVteSB1bml0IGFwcC5zZXJ2aWNlLCBhYnkgemFwaXN5d2HFgiBhY2Nlc3MvZXJyb3IgZG8gcGxpa8OzdwpjYXQgPi9ldGMvc3lzdGVtZC9zeXN0ZW0vYXBwLnNlcnZpY2UgPDxFT0YKW1VuaXRdCkRlc2NyaXB0aW9uPUd1bmljb3JuIGZvciBrYWNtYXQgYXBwCkFmdGVyPW5ldHdvcmsudGFyZ2V0CgpbU2VydmljZV0KRW52aXJvbm1lbnRGaWxlPS9ldGMvYXBwLmVudgpVc2VyPWFwcApXb3JraW5nRGlyZWN0b3J5PSRBUFBfRElSCkV4ZWNTdGFydD0vaG9tZS9hcHAvdmVudi9iaW4vZ3VuaWNvcm4gLS13b3JrZXJzIDIgLS1iaW5kIDEyNy4wLjAuMTo1MDAwIFwKICAtLWFjY2Vzcy1sb2dmaWxlIC92YXIvbG9nL2FwcC9ndW5pY29ybi5hY2Nlc3MubG9nIFwKICAtLWVycm9yLWxvZ2ZpbGUgL3Zhci9sb2cvYXBwL2d1bmljb3JuLmVycm9yLmxvZyBcCiAgYXBwOmFwcApSZXN0YXJ0PWFsd2F5cwoKW0luc3RhbGxdCldhbnRlZEJ5PW11bHRpLXVzZXIudGFyZ2V0CkVPRgoKc3lzdGVtY3RsIGRhZW1vbi1yZWxvYWQKc3lzdGVtY3RsIHJlc3RhcnQgYXBwCgojIEtvbmZpZ3VyYWNqYSBDbG91ZFdhdGNoIEFnZW50IChMT0dJKQpta2RpciAtcCAvb3B0L2F3cy9hbWF6b24tY2xvdWR3YXRjaC1hZ2VudC9ldGMKY2F0ID4vb3B0L2F3cy9hbWF6b24tY2xvdWR3YXRjaC1hZ2VudC9ldGMvYW1hem9uLWNsb3Vkd2F0Y2gtYWdlbnQuanNvbiA8PCdKU09OJwp7CiAgImFnZW50IjogeyAibG9nZmlsZSI6ICIvb3B0L2F3cy9hbWF6b24tY2xvdWR3YXRjaC1hZ2VudC9sb2dzL2FnZW50LmxvZyIsICJydW5fYXNfdXNlciI6ICJyb290IiB9LAogICAgIm1ldHJpY3MiOiB7CiAgICAiYXBwZW5kX2RpbWVuc2lvbnMiOiB7ICJBdXRvU2NhbGluZ0dyb3VwTmFtZSI6ICIke2F3czpBdXRvU2NhbGluZ0dyb3VwTmFtZX0iLCAiSW5zdGFuY2VJZCI6ICIke2F3czpJbnN0YW5jZUlkfSIgfSwKICAgICJtZXRyaWNzX2NvbGxlY3RlZCI6IHsKICAgICAgInByb2NzdGF0IjogWwogICAgICAgIHsgInBhdHRlcm4iOiAiZ3VuaWNvcm4iLCAibWVhc3VyZW1lbnQiOiBbImNwdV91c2FnZSIsICJtZW1vcnlfcnNzIl0gfQogICAgICBdCiAgICB9CiAgfSwKICAibG9ncyI6IHsKICAgICJsb2dzX2NvbGxlY3RlZCI6IHsKICAgICAgImZpbGVzIjogeyAiY29sbGVjdF9saXN0IjogWwogICAgICAgIHsgImZpbGVfcGF0aCI6ICIvdmFyL2xvZy9uZ2lueC9hY2Nlc3MubG9nIiwgImxvZ19ncm91cF9uYW1lIjogIi9rYWNtYXQvbmdpbngvYWNjZXNzIiwgImxvZ19zdHJlYW1fbmFtZSI6ICJ7aW5zdGFuY2VfaWR9IiwgInRpbWVzdGFtcF9mb3JtYXQiOiAiJWQvJWIvJVk6JUg6JU06JVMgJXoiIH0sCiAgICAgICAgeyAiZmlsZV9wYXRoIjogIi92YXIvbG9nL25naW54L2Vycm9yLmxvZyIsICAibG9nX2dyb3VwX25hbWUiOiAiL2thY21hdC9uZ2lueC9lcnJvciIsICAibG9nX3N0cmVhbV9uYW1lIjogIntpbnN0YW5jZV9pZH0iIH0sCiAgICAgICAgeyAiZmlsZV9wYXRoIjogIi92YXIvbG9nL2Nsb3VkLWluaXQtb3V0cHV0LmxvZyIsICJsb2dfZ3JvdXBfbmFtZSI6ICIva2FjbWF0L2Nsb3VkLWluaXQiLCAibG9nX3N0cmVhbV9uYW1lIjogIntpbnN0YW5jZV9pZH0iIH0sCiAgICAgICAgeyAiZmlsZV9wYXRoIjogIi92YXIvbG9nL3N5c2xvZyIsICAgICAgICAgICAibG9nX2dyb3VwX25hbWUiOiAiL2thY21hdC9zeXNsb2ciLCAgICAgICAibG9nX3N0cmVhbV9uYW1lIjogIntpbnN0YW5jZV9pZH0iIH0sCiAgICAgICAgeyAiZmlsZV9wYXRoIjogIi92YXIvbG9nL2FwcC9ndW5pY29ybi5hY2Nlc3MubG9nIiwgImxvZ19ncm91cF9uYW1lIjogIi9rYWNtYXQvZ3VuaWNvcm4vYWNjZXNzIiwgImxvZ19zdHJlYW1fbmFtZSI6ICJ7aW5zdGFuY2VfaWR9IiB9LAogICAgICAgIHsgImZpbGVfcGF0aCI6ICIvdmFyL2xvZy9hcHAvZ3VuaWNvcm4uZXJyb3IubG9nIiwgICJsb2dfZ3JvdXBfbmFtZSI6ICIva2FjbWF0L2d1bmljb3JuL2Vycm9yIiwgICJsb2dfc3RyZWFtX25hbWUiOiAie2luc3RhbmNlX2lkfSIgfQogICAgICBdIH0KICAgIH0KICB9Cn0KSlNPTgoKY2F0ID4vZXRjL2xvZ3JvdGF0ZS5kL2thY21hdC1hcHAgPDwnUk9UJwovdmFyL2xvZy9hcHAvZ3VuaWNvcm4uKi5sb2cgewogIGRhaWx5CiAgcm90YXRlIDcKICBtaXNzaW5nb2sKICBub3RpZmVtcHR5CiAgY29tcHJlc3MKICBkZWxheWNvbXByZXNzCiAgY29weXRydW5jYXRlCn0KUk9UCgojIFN0YXJ0IGkgZW5hYmxlIGFnZW50YQovb3B0L2F3cy9hbWF6b24tY2xvdWR3YXRjaC1hZ2VudC9iaW4vYW1hem9uLWNsb3Vkd2F0Y2gtYWdlbnQtY3RsIC1hIHN0b3AgfHwgdHJ1ZQovb3B0L2F3cy9hbWF6b24tY2xvdWR3YXRjaC1hZ2VudC9iaW4vYW1hem9uLWNsb3Vkd2F0Y2gtYWdlbnQtY3RsIFwKICAtYSBmZXRjaC1jb25maWcgLW0gZWMyIFwKICAtYyBmaWxlOi9vcHQvYXdzL2FtYXpvbi1jbG91ZHdhdGNoLWFnZW50L2V0Yy9hbWF6b24tY2xvdWR3YXRjaC1hZ2VudC5qc29uIC1zCnN5c3RlbWN0bCBlbmFibGUgYW1hem9uLWNsb3Vkd2F0Y2gtYWdlbnQK",
            "vpc_security_group_ids": []
          },
          "sensitive_attributes": [],
          "private": "eyJzY2hlbWFfdmVyc2lvbiI6IjEifQ==",
          "dependencies": [
            "aws_db_instance.rds",
            "aws_db_subnet_group.rds_subnet_group",
            "aws_iam_instance_profile.ec2_profile",
            "aws_iam_role.ecs_instance_role",
            "aws_key_pair.this",
            "aws_security_group.alb_sg",
            "aws_security_group.ec2_sg",
            "aws_security_group.rds_sg",
            "aws_subnet.private_a",
            "aws_subnet.private_b",
            "aws_vpc.main",
            "data.aws_region.current"
          ],
          "create_before_destroy": true
        }
      ]
    },
    {
      "mode": "managed",
      "type": "aws_lb",
      "name": "alb",
      "provider": "provider[\"registry.terraform.io/hashicorp/aws\"]",
      "instances": [
        {
          "schema_version": 0,
          "attributes": {
            "access_logs": [
              {
                "bucket": "kacmat-app-alb-logs-211198316879-eu-central-1",
                "enabled": true,
                "prefix": "alb"
              }
            ],
            "arn": "arn:aws:elasticloadbalancing:eu-central-1:211198316879:loadbalancer/app/kacmat-app-alb/e03575ed36f12999",
            "arn_suffix": "app/kacmat-app-alb/e03575ed36f12999",
            "client_keep_alive": 3600,
            "connection_logs": [
              {
                "bucket": "",
                "enabled": false,
                "prefix": ""
              }
            ],
            "customer_owned_ipv4_pool": "",
            "desync_mitigation_mode": "defensive",
            "dns_name": "kacmat-app-alb-340928234.eu-central-1.elb.amazonaws.com",
            "dns_record_client_routing_policy": null,
            "drop_invalid_header_fields": false,
            "enable_cross_zone_load_balancing": true,
            "enable_deletion_protection": false,
            "enable_http2": true,
            "enable_tls_version_and_cipher_suite_headers": false,
            "enable_waf_fail_open": false,
            "enable_xff_client_port": false,
            "enable_zonal_shift": false,
            "enforce_security_group_inbound_rules_on_private_link_traffic": "",
            "id": "arn:aws:elasticloadbalancing:eu-central-1:211198316879:loadbalancer/app/kacmat-app-alb/e03575ed36f12999",
            "idle_timeout": 60,
            "internal": false,
            "ip_address_type": "ipv4",
            "ipam_pools": [],
            "load_balancer_type": "application",
            "minimum_load_balancer_capacity": [],
            "name": "kacmat-app-alb",
            "name_prefix": "",
            "preserve_host_header": false,
            "region": "eu-central-1",
            "secondary_ips_auto_assigned_per_subnet": null,
            "security_groups": [
              "sg-0eb1bcabae2158a7d"
            ],
            "subnet_mapping": [
              {
                "allocation_id": "",
                "ipv6_address": "",
                "outpost_id": "",
                "private_ipv4_address": "",
                "subnet_id": "subnet-03d5d7140db894c1b"
              },
              {
                "allocation_id": "",
                "ipv6_address": "",
                "outpost_id": "",
                "private_ipv4_address": "",
                "subnet_id": "subnet-0756666d0e9691a76"
              }
            ],
            "subnets": [
              "subnet-03d5d7140db894c1b",
              "subnet-0756666d0e9691a76"
            ],
            "tags": {
              "Name": "kacmat-app-alb"
            },
            "tags_all": {
              "Name": "kacmat-app-alb"
            },
            "timeouts": null,
            "vpc_id": "vpc-05b07fc0cf3fe324d",
            "xff_header_processing_mode": "append",
            "zone_id": "Z215JYRZR1TBD5"
          },
          "sensitive_attributes": [],
          "private": "eyJlMmJmYjczMC1lY2FhLTExZTYtOGY4OC0zNDM2M2JjN2M0YzAiOnsiY3JlYXRlIjo2MDAwMDAwMDAwMDAsImRlbGV0ZSI6NjAwMDAwMDAwMDAwLCJ1cGRhdGUiOjYwMDAwMDAwMDAwMH19",
          "dependencies": [
            "aws_s3_bucket.alb_logs",
            "aws_security_group.alb_sg",
            "aws_subnet.public_a",
            "aws_subnet.public_b",
            "aws_vpc.main",
            "data.aws_caller_identity.current",
            "data.aws_region.current"
          ]
        }
      ]
    },
    {
      "mode": "managed",
      "type": "aws_lb_listener",
      "name": "http",
      "provider": "provider[\"registry.terraform.io/hashicorp/aws\"]",
      "instances": [
        {
          "schema_version": 0,
          "attributes": {
            "alpn_policy": null,
            "arn": "arn:aws:elasticloadbalancing:eu-central-1:211198316879:listener/app/kacmat-app-alb/e03575ed36f12999/f84f7612a708b555",
            "certificate_arn": null,
            "default_action": [
              {
                "authenticate_cognito": [],
                "authenticate_oidc": [],
                "fixed_response": [],
                "forward": [],
                "order": 1,
                "redirect": [
                  {
                    "host": "#{host}",
                    "path": "/#{path}",
                    "port": "443",
                    "protocol": "HTTPS",
                    "query": "#{query}",
                    "status_code": "HTTP_301"
                  }
                ],
                "target_group_arn": "",
                "type": "redirect"
              }
            ],
            "id": "arn:aws:elasticloadbalancing:eu-central-1:211198316879:listener/app/kacmat-app-alb/e03575ed36f12999/f84f7612a708b555",
            "load_balancer_arn": "arn:aws:elasticloadbalancing:eu-central-1:211198316879:loadbalancer/app/kacmat-app-alb/e03575ed36f12999",
            "mutual_authentication": [],
            "port": 80,
            "protocol": "HTTP",
            "region": "eu-central-1",
            "routing_http_request_x_amzn_mtls_clientcert_header_name": null,
            "routing_http_request_x_amzn_mtls_clientcert_issuer_header_name": null,
            "routing_http_request_x_amzn_mtls_clientcert_leaf_header_name": null,
            "routing_http_request_x_amzn_mtls_clientcert_serial_number_header_name": null,
            "routing_http_request_x_amzn_mtls_clientcert_subject_header_name": null,
            "routing_http_request_x_amzn_mtls_clientcert_validity_header_name": null,
            "routing_http_request_x_amzn_tls_cipher_suite_header_name": null,
            "routing_http_request_x_amzn_tls_version_header_name": null,
            "routing_http_response_access_control_allow_credentials_header_value": "",
            "routing_http_response_access_control_allow_headers_header_value": "",
            "routing_http_response_access_control_allow_methods_header_value": "",
            "routing_http_response_access_control_allow_origin_header_value": "",
            "routing_http_response_access_control_expose_headers_header_value": "",
            "routing_http_response_access_control_max_age_header_value": "",
            "routing_http_response_content_security_policy_header_value": "",
            "routing_http_response_server_enabled": true,
            "routing_http_response_strict_transport_security_header_value": "",
            "routing_http_response_x_content_type_options_header_value": "",
            "routing_http_response_x_frame_options_header_value": "",
            "ssl_policy": "",
            "tags": {},
            "tags_all": {},
            "tcp_idle_timeout_seconds": null,
            "timeouts": null
          },
          "sensitive_attributes": [],
          "private": "eyJlMmJmYjczMC1lY2FhLTExZTYtOGY4OC0zNDM2M2JjN2M0YzAiOnsiY3JlYXRlIjozMDAwMDAwMDAwMDAsInVwZGF0ZSI6MzAwMDAwMDAwMDAwfX0=",
          "dependencies": [
            "aws_lb.alb",
            "aws_s3_bucket.alb_logs",
            "aws_security_group.alb_sg",
            "aws_subnet.public_a",
            "aws_subnet.public_b",
            "aws_vpc.main",
            "data.aws_caller_identity.current",
            "data.aws_region.current"
          ]
        }
      ]
    },
    {
      "mode": "managed",
      "type": "aws_lb_listener",
      "name": "https",
      "provider": "provider[\"registry.terraform.io/hashicorp/aws\"]",
      "instances": [
        {
          "schema_version": 0,
          "attributes": {
            "alpn_policy": null,
            "arn": "arn:aws:elasticloadbalancing:eu-central-1:211198316879:listener/app/kacmat-app-alb/e03575ed36f12999/05d96a92cc9c380c",
            "certificate_arn": "arn:aws:acm:eu-central-1:211198316879:certificate/54821805-3f40-408a-b8db-223aec3345e1",
            "default_action": [
              {
                "authenticate_cognito": [],
                "authenticate_oidc": [],
                "fixed_response": [],
                "forward": [],
                "order": 1,
                "redirect": [],
                "target_group_arn": "arn:aws:elasticloadbalancing:eu-central-1:211198316879:targetgroup/kacmat-app-tg/86e3151664e26b35",
                "type": "forward"
              }
            ],
            "id": "arn:aws:elasticloadbalancing:eu-central-1:211198316879:listener/app/kacmat-app-alb/e03575ed36f12999/05d96a92cc9c380c",
            "load_balancer_arn": "arn:aws:elasticloadbalancing:eu-central-1:211198316879:loadbalancer/app/kacmat-app-alb/e03575ed36f12999",
            "mutual_authentication": [
              {
                "advertise_trust_store_ca_names": "",
                "ignore_client_certificate_expiry": false,
                "mode": "off",
                "trust_store_arn": ""
              }
            ],
            "port": 443,
            "protocol": "HTTPS",
            "region": "eu-central-1",
            "routing_http_request_x_amzn_mtls_clientcert_header_name": "",
            "routing_http_request_x_amzn_mtls_clientcert_issuer_header_name": "",
            "routing_http_request_x_amzn_mtls_clientcert_leaf_header_name": "",
            "routing_http_request_x_amzn_mtls_clientcert_serial_number_header_name": "",
            "routing_http_request_x_amzn_mtls_clientcert_subject_header_name": "",
            "routing_http_request_x_amzn_mtls_clientcert_validity_header_name": "",
            "routing_http_request_x_amzn_tls_cipher_suite_header_name": "",
            "routing_http_request_x_amzn_tls_version_header_name": "",
            "routing_http_response_access_control_allow_credentials_header_value": "",
            "routing_http_response_access_control_allow_headers_header_value": "",
            "routing_http_response_access_control_allow_methods_header_value": "",
            "routing_http_response_access_control_allow_origin_header_value": "",
            "routing_http_response_access_control_expose_headers_header_value": "",
            "routing_http_response_access_control_max_age_header_value": "",
            "routing_http_response_content_security_policy_header_value": "",
            "routing_http_response_server_enabled": true,
            "routing_http_response_strict_transport_security_header_value": "",
            "routing_http_response_x_content_type_options_header_value": "",
            "routing_http_response_x_frame_options_header_value": "",
            "ssl_policy": "ELBSecurityPolicy-2016-08",
            "tags": {},
            "tags_all": {},
            "tcp_idle_timeout_seconds": null,
            "timeouts": null
          },
          "sensitive_attributes": [],
          "private": "eyJlMmJmYjczMC1lY2FhLTExZTYtOGY4OC0zNDM2M2JjN2M0YzAiOnsiY3JlYXRlIjozMDAwMDAwMDAwMDAsInVwZGF0ZSI6MzAwMDAwMDAwMDAwfX0=",
          "dependencies": [
            "aws_acm_certificate.cert",
            "aws_lb.alb",
            "aws_lb_target_group.tg",
            "aws_s3_bucket.alb_logs",
            "aws_security_group.alb_sg",
            "aws_subnet.public_a",
            "aws_subnet.public_b",
            "aws_vpc.main",
            "data.aws_caller_identity.current",
            "data.aws_region.current"
          ]
        }
      ]
    },
    {
      "mode": "managed",
      "type": "aws_lb_target_group",
      "name": "tg",
      "provider": "provider[\"registry.terraform.io/hashicorp/aws\"]",
      "instances": [
        {
          "schema_version": 0,
          "attributes": {
            "arn": "arn:aws:elasticloadbalancing:eu-central-1:211198316879:targetgroup/kacmat-app-tg/86e3151664e26b35",
            "arn_suffix": "targetgroup/kacmat-app-tg/86e3151664e26b35",
            "connection_termination": null,
            "deregistration_delay": "300",
            "health_check": [
              {
                "enabled": true,
                "healthy_threshold": 2,
                "interval": 30,
                "matcher": "200",
                "path": "/healthz",
                "port": "traffic-port",
                "protocol": "HTTP",
                "timeout": 5,
                "unhealthy_threshold": 2
              }
            ],
            "id": "arn:aws:elasticloadbalancing:eu-central-1:211198316879:targetgroup/kacmat-app-tg/86e3151664e26b35",
            "ip_address_type": "ipv4",
            "lambda_multi_value_headers_enabled": false,
            "load_balancer_arns": [
              "arn:aws:elasticloadbalancing:eu-central-1:211198316879:loadbalancer/app/kacmat-app-alb/e03575ed36f12999"
            ],
            "load_balancing_algorithm_type": "round_robin",
            "load_balancing_anomaly_mitigation": "off",
            "load_balancing_cross_zone_enabled": "use_load_balancer_configuration",
            "name": "kacmat-app-tg",
            "name_prefix": "",
            "port": 80,
            "preserve_client_ip": null,
            "protocol": "HTTP",
            "protocol_version": "HTTP1",
            "proxy_protocol_v2": false,
            "region": "eu-central-1",
            "slow_start": 0,
            "stickiness": [
              {
                "cookie_duration": 86400,
                "cookie_name": "",
                "enabled": false,
                "type": "lb_cookie"
              }
            ],
            "tags": {
              "Name": "kacmat-app-tg"
            },
            "tags_all": {
              "Name": "kacmat-app-tg"
            },
            "target_failover": [
              {
                "on_deregistration": null,
                "on_unhealthy": null
              }
            ],
            "target_group_health": [
              {
                "dns_failover": [
                  {
                    "minimum_healthy_targets_count": "1",
                    "minimum_healthy_targets_percentage": "off"
                  }
                ],
                "unhealthy_state_routing": [
                  {
                    "minimum_healthy_targets_count": 1,
                    "minimum_healthy_targets_percentage": "off"
                  }
                ]
              }
            ],
            "target_health_state": [
              {
                "enable_unhealthy_connection_termination": null,
                "unhealthy_draining_interval": null
              }
            ],
            "target_type": "instance",
            "vpc_id": "vpc-05b07fc0cf3fe324d"
          },
          "sensitive_attributes": [],
          "private": "bnVsbA==",
          "dependencies": [
            "aws_vpc.main"
          ],
          "create_before_destroy": true
        }
      ]
    },
    {
      "mode": "managed",
      "type": "aws_nat_gateway",
      "name": "nat_gw",
      "provider": "provider[\"registry.terraform.io/hashicorp/aws\"]",
      "instances": [
        {
          "schema_version": 0,
          "attributes": {
            "allocation_id": "eipalloc-0f5fa386d22922bb4",
            "association_id": "eipassoc-09f80754bb6026b5e",
            "connectivity_type": "public",
            "id": "nat-0a3c55499b3dca1da",
            "network_interface_id": "eni-0b8984a1ce99647de",
            "private_ip": "10.0.1.98",
            "public_ip": "3.64.86.13",
            "region": "eu-central-1",
            "secondary_allocation_ids": [],
            "secondary_private_ip_address_count": 0,
            "secondary_private_ip_addresses": [],
            "subnet_id": "subnet-03d5d7140db894c1b",
            "tags": {
              "Name": "kacmat-app-nat"
            },
            "tags_all": {
              "Name": "kacmat-app-nat"
            },
            "timeouts": null
          },
          "sensitive_attributes": [],
          "private": "eyJlMmJmYjczMC1lY2FhLTExZTYtOGY4OC0zNDM2M2JjN2M0YzAiOnsiY3JlYXRlIjo2MDAwMDAwMDAwMDAsImRlbGV0ZSI6MTgwMDAwMDAwMDAwMCwidXBkYXRlIjo2MDAwMDAwMDAwMDB9fQ==",
          "dependencies": [
            "aws_eip.nat_eip",
            "aws_internet_gateway.igw",
            "aws_subnet.public_a",
            "aws_vpc.main"
          ]
        }
      ]
    },
    {
      "mode": "managed",
      "type": "aws_route_table",
      "name": "private_rt",
      "provider": "provider[\"registry.terraform.io/hashicorp/aws\"]",
      "instances": [
        {
          "schema_version": 0,
          "attributes": {
            "arn": "arn:aws:ec2:eu-central-1:211198316879:route-table/rtb-0dbc967322ec0d2b9",
            "id": "rtb-0dbc967322ec0d2b9",
            "owner_id": "211198316879",
            "propagating_vgws": [],
            "region": "eu-central-1",
            "route": [
              {
                "carrier_gateway_id": "",
                "cidr_block": "0.0.0.0/0",
                "core_network_arn": "",
                "destination_prefix_list_id": "",
                "egress_only_gateway_id": "",
                "gateway_id": "",
                "ipv6_cidr_block": "",
                "local_gateway_id": "",
                "nat_gateway_id": "nat-0a3c55499b3dca1da",
                "network_interface_id": "",
                "transit_gateway_id": "",
                "vpc_endpoint_id": "",
                "vpc_peering_connection_id": ""
              }
            ],
            "tags": {
              "Name": "kacmat-app-private-rt"
            },
            "tags_all": {
              "Name": "kacmat-app-private-rt"
            },
            "timeouts": null,
            "vpc_id": "vpc-05b07fc0cf3fe324d"
          },
          "sensitive_attributes": [],
          "private": "eyJlMmJmYjczMC1lY2FhLTExZTYtOGY4OC0zNDM2M2JjN2M0YzAiOnsiY3JlYXRlIjozMDAwMDAwMDAwMDAsImRlbGV0ZSI6MzAwMDAwMDAwMDAwLCJ1cGRhdGUiOjEyMDAwMDAwMDAwMH19",
          "dependencies": [
            "aws_eip.nat_eip",
            "aws_internet_gateway.igw",
            "aws_nat_gateway.nat_gw",
            "aws_subnet.public_a",
            "aws_vpc.main"
          ]
        }
      ]
    },
    {
      "mode": "managed",
      "type": "aws_route_table",
      "name": "public_rt",
      "provider": "provider[\"registry.terraform.io/hashicorp/aws\"]",
      "instances": [
        {
          "schema_version": 0,
          "attributes": {
            "arn": "arn:aws:ec2:eu-central-1:211198316879:route-table/rtb-03b34bc391e29ba38",
            "id": "rtb-03b34bc391e29ba38",
            "owner_id": "211198316879",
            "propagating_vgws": [],
            "region": "eu-central-1",
            "route": [
              {
                "carrier_gateway_id": "",
                "cidr_block": "0.0.0.0/0",
                "core_network_arn": "",
                "destination_prefix_list_id": "",
                "egress_only_gateway_id": "",
                "gateway_id": "igw-088ac7e39656537b0",
                "ipv6_cidr_block": "",
                "local_gateway_id": "",
                "nat_gateway_id": "",
                "network_interface_id": "",
                "transit_gateway_id": "",
                "vpc_endpoint_id": "",
                "vpc_peering_connection_id": ""
              }
            ],
            "tags": {
              "Name": "kacmat-app-public-rt"
            },
            "tags_all": {
              "Name": "kacmat-app-public-rt"
            },
            "timeouts": null,
            "vpc_id": "vpc-05b07fc0cf3fe324d"
          },
          "sensitive_attributes": [],
          "private": "eyJlMmJmYjczMC1lY2FhLTExZTYtOGY4OC0zNDM2M2JjN2M0YzAiOnsiY3JlYXRlIjozMDAwMDAwMDAwMDAsImRlbGV0ZSI6MzAwMDAwMDAwMDAwLCJ1cGRhdGUiOjEyMDAwMDAwMDAwMH19",
          "dependencies": [
            "aws_internet_gateway.igw",
            "aws_vpc.main"
          ]
        }
      ]
    },
    {
      "mode": "managed",
      "type": "aws_route_table_association",
      "name": "private_a_assoc",
      "provider": "provider[\"registry.terraform.io/hashicorp/aws\"]",
      "instances": [
        {
          "schema_version": 0,
          "attributes": {
            "gateway_id": "",
            "id": "rtbassoc-03e8e5121b71ff86b",
            "region": "eu-central-1",
            "route_table_id": "rtb-0dbc967322ec0d2b9",
            "subnet_id": "subnet-0cba2c4789cacedbe",
            "timeouts": null
          },
          "sensitive_attributes": [],
          "private": "eyJlMmJmYjczMC1lY2FhLTExZTYtOGY4OC0zNDM2M2JjN2M0YzAiOnsiY3JlYXRlIjozMDAwMDAwMDAwMDAsImRlbGV0ZSI6MzAwMDAwMDAwMDAwLCJ1cGRhdGUiOjEyMDAwMDAwMDAwMH19",
          "dependencies": [
            "aws_eip.nat_eip",
            "aws_internet_gateway.igw",
            "aws_nat_gateway.nat_gw",
            "aws_route_table.private_rt",
            "aws_subnet.private_a",
            "aws_subnet.public_a",
            "aws_vpc.main"
          ]
        }
      ]
    },
    {
      "mode": "managed",
      "type": "aws_route_table_association",
      "name": "private_b_assoc",
      "provider": "provider[\"registry.terraform.io/hashicorp/aws\"]",
      "instances": [
        {
          "schema_version": 0,
          "attributes": {
            "gateway_id": "",
            "id": "rtbassoc-0b7441e7390cd7db5",
            "region": "eu-central-1",
            "route_table_id": "rtb-0dbc967322ec0d2b9",
            "subnet_id": "subnet-0c51a99d67b02c4b8",
            "timeouts": null
          },
          "sensitive_attributes": [],
          "private": "eyJlMmJmYjczMC1lY2FhLTExZTYtOGY4OC0zNDM2M2JjN2M0YzAiOnsiY3JlYXRlIjozMDAwMDAwMDAwMDAsImRlbGV0ZSI6MzAwMDAwMDAwMDAwLCJ1cGRhdGUiOjEyMDAwMDAwMDAwMH19",
          "dependencies": [
            "aws_eip.nat_eip",
            "aws_internet_gateway.igw",
            "aws_nat_gateway.nat_gw",
            "aws_route_table.private_rt",
            "aws_subnet.private_b",
            "aws_subnet.public_a",
            "aws_vpc.main"
          ]
        }
      ]
    },
    {
      "mode": "managed",
      "type": "aws_route_table_association",
      "name": "public_a_assoc",
      "provider": "provider[\"registry.terraform.io/hashicorp/aws\"]",
      "instances": [
        {
          "schema_version": 0,
          "attributes": {
            "gateway_id": "",
            "id": "rtbassoc-0569247a0f9f1e8c9",
            "region": "eu-central-1",
            "route_table_id": "rtb-03b34bc391e29ba38",
            "subnet_id": "subnet-03d5d7140db894c1b",
            "timeouts": null
          },
          "sensitive_attributes": [],
          "private": "eyJlMmJmYjczMC1lY2FhLTExZTYtOGY4OC0zNDM2M2JjN2M0YzAiOnsiY3JlYXRlIjozMDAwMDAwMDAwMDAsImRlbGV0ZSI6MzAwMDAwMDAwMDAwLCJ1cGRhdGUiOjEyMDAwMDAwMDAwMH19",
          "dependencies": [
            "aws_internet_gateway.igw",
            "aws_route_table.public_rt",
            "aws_subnet.public_a",
            "aws_vpc.main"
          ]
        }
      ]
    },
    {
      "mode": "managed",
      "type": "aws_route_table_association",
      "name": "public_b_assoc",
      "provider": "provider[\"registry.terraform.io/hashicorp/aws\"]",
      "instances": [
        {
          "schema_version": 0,
          "attributes": {
            "gateway_id": "",
            "id": "rtbassoc-02122b8dd83e91466",
            "region": "eu-central-1",
            "route_table_id": "rtb-03b34bc391e29ba38",
            "subnet_id": "subnet-0756666d0e9691a76",
            "timeouts": null
          },
          "sensitive_attributes": [],
          "private": "eyJlMmJmYjczMC1lY2FhLTExZTYtOGY4OC0zNDM2M2JjN2M0YzAiOnsiY3JlYXRlIjozMDAwMDAwMDAwMDAsImRlbGV0ZSI6MzAwMDAwMDAwMDAwLCJ1cGRhdGUiOjEyMDAwMDAwMDAwMH19",
          "dependencies": [
            "aws_internet_gateway.igw",
            "aws_route_table.public_rt",
            "aws_subnet.public_b",
            "aws_vpc.main"
          ]
        }
      ]
    },
    {
      "mode": "managed",
      "type": "aws_s3_bucket",
      "name": "alb_logs",
      "provider": "provider[\"registry.terraform.io/hashicorp/aws\"]",
      "instances": [
        {
          "status": "tainted",
          "schema_version": 0,
          "attributes": {
            "acceleration_status": "",
            "acl": null,
            "arn": "arn:aws:s3:::kacmat-app-alb-logs-211198316879-eu-central-1",
            "bucket": "kacmat-app-alb-logs-211198316879-eu-central-1",
            "bucket_domain_name": "kacmat-app-alb-logs-211198316879-eu-central-1.s3.amazonaws.com",
            "bucket_prefix": "",
            "bucket_region": "eu-central-1",
            "bucket_regional_domain_name": "kacmat-app-alb-logs-211198316879-eu-central-1.s3.eu-central-1.amazonaws.com",
            "cors_rule": [],
            "force_destroy": false,
            "grant": [
              {
                "id": "1b532ddcd424b5551fe6d872b607d53f7d032392c8ed5f903b2cb31693d02dce",
                "permissions": [
                  "FULL_CONTROL"
                ],
                "type": "CanonicalUser",
                "uri": ""
              }
            ],
            "hosted_zone_id": "Z21DNDUVLTQW6Q",
            "id": "kacmat-app-alb-logs-211198316879-eu-central-1",
            "lifecycle_rule": [
              {
                "abort_incomplete_multipart_upload_days": 0,
                "enabled": true,
                "expiration": [
                  {
                    "date": "",
                    "days": 90,
                    "expired_object_delete_marker": false
                  }
                ],
                "id": "expire-logs-90d",
                "noncurrent_version_expiration": [],
                "noncurrent_version_transition": [],
                "prefix": "",
                "tags": {},
                "transition": []
              }
            ],
            "logging": [],
            "object_lock_configuration": [],
            "object_lock_enabled": false,
            "policy": "{\"Id\":\"AWSLogDeliveryWrite20150319\",\"Statement\":[{\"Action\":\"s3:PutObject\",\"Condition\":{\"ArnLike\":{\"aws:SourceArn\":\"arn:aws:logs:eu-central-1:211198316879:*\"},\"StringEquals\":{\"aws:SourceAccount\":\"211198316879\",\"s3:x-amz-acl\":\"bucket-owner-full-control\"}},\"Effect\":\"Allow\",\"Principal\":{\"Service\":\"delivery.logs.amazonaws.com\"},\"Resource\":\"arn:aws:s3:::kacmat-app-alb-logs-211198316879-eu-central-1/vpc-flow-logs/AWSLogs/211198316879/*\",\"Sid\":\"AWSLogDeliveryWrite1\"},{\"Action\":\"s3:GetBucketAcl\",\"Condition\":{\"ArnLike\":{\"aws:SourceArn\":\"arn:aws:logs:eu-central-1:211198316879:*\"},\"StringEquals\":{\"aws:SourceAccount\":\"211198316879\"}},\"Effect\":\"Allow\",\"Principal\":{\"Service\":\"delivery.logs.amazonaws.com\"},\"Resource\":\"arn:aws:s3:::kacmat-app-alb-logs-211198316879-eu-central-1\",\"Sid\":\"AWSLogDeliveryAclCheck1\"}],\"Version\":\"2012-10-17\"}",
            "region": "eu-central-1",
            "replication_configuration": [],
            "request_payer": "BucketOwner",
            "server_side_encryption_configuration": [
              {
                "rule": [
                  {
                    "apply_server_side_encryption_by_default": [
                      {
                        "kms_master_key_id": "",
                        "sse_algorithm": "AES256"
                      }
                    ],
                    "bucket_key_enabled": false
                  }
                ]
              }
            ],
            "tags": {},
            "tags_all": {},
            "timeouts": null,
            "versioning": [
              {
                "enabled": true,
                "mfa_delete": false
              }
            ],
            "website": [],
            "website_domain": null,
            "website_endpoint": null
          },
          "sensitive_attributes": [],
          "private": "eyJlMmJmYjczMC1lY2FhLTExZTYtOGY4OC0zNDM2M2JjN2M0YzAiOnsiY3JlYXRlIjoxMjAwMDAwMDAwMDAwLCJkZWxldGUiOjM2MDAwMDAwMDAwMDAsInJlYWQiOjEyMDAwMDAwMDAwMDAsInVwZGF0ZSI6MTIwMDAwMDAwMDAwMH19",
          "dependencies": [
            "data.aws_caller_identity.current",
            "data.aws_region.current"
          ]
        }
      ]
    },
    {
      "mode": "managed",
      "type": "aws_s3_bucket_lifecycle_configuration",
      "name": "alb_logs",
      "provider": "provider[\"registry.terraform.io/hashicorp/aws\"]",
      "instances": [
        {
          "schema_version": 1,
          "attributes": {
            "bucket": "kacmat-app-alb-logs-211198316879-eu-central-1",
            "expected_bucket_owner": "",
            "id": "kacmat-app-alb-logs-211198316879-eu-central-1",
            "region": "eu-central-1",
            "rule": [
              {
                "abort_incomplete_multipart_upload": [],
                "expiration": [
                  {
                    "date": null,
                    "days": 90,
                    "expired_object_delete_marker": false
                  }
                ],
                "filter": [
                  {
                    "and": [],
                    "object_size_greater_than": null,
                    "object_size_less_than": null,
                    "prefix": "",
                    "tag": []
                  }
                ],
                "id": "expire-logs-90d",
                "noncurrent_version_expiration": [],
                "noncurrent_version_transition": [],
                "prefix": "",
                "status": "Enabled",
                "transition": []
              }
            ],
            "timeouts": null,
            "transition_default_minimum_object_size": "all_storage_classes_128K"
          },
          "sensitive_attributes": [],
          "dependencies": [
            "aws_s3_bucket.alb_logs",
            "data.aws_caller_identity.current",
            "data.aws_region.current"
          ]
        }
      ]
    },
    {
      "mode": "managed",
      "type": "aws_s3_bucket_ownership_controls",
      "name": "alb_logs",
      "provider": "provider[\"registry.terraform.io/hashicorp/aws\"]",
      "instances": [
        {
          "schema_version": 0,
          "attributes": {
            "bucket": "kacmat-app-alb-logs-211198316879-eu-central-1",
            "id": "kacmat-app-alb-logs-211198316879-eu-central-1",
            "region": "eu-central-1",
            "rule": [
              {
                "object_ownership": "BucketOwnerEnforced"
              }
            ]
          },
          "sensitive_attributes": [],
          "private": "bnVsbA==",
          "dependencies": [
            "aws_s3_bucket.alb_logs",
            "data.aws_caller_identity.current",
            "data.aws_region.current"
          ]
        }
      ]
    },
    {
      "mode": "managed",
      "type": "aws_s3_bucket_policy",
      "name": "alb_logs",
      "provider": "provider[\"registry.terraform.io/hashicorp/aws\"]",
      "instances": [
        {
          "schema_version": 0,
          "attributes": {
            "bucket": "kacmat-app-alb-logs-211198316879-eu-central-1",
            "id": "kacmat-app-alb-logs-211198316879-eu-central-1",
            "policy": "{\"Statement\":[{\"Action\":[\"s3:ListBucket\",\"s3:GetBucketAcl\"],\"Effect\":\"Allow\",\"Principal\":{\"Service\":\"delivery.logs.amazonaws.com\"},\"Resource\":\"arn:aws:s3:::kacmat-app-alb-logs-211198316879-eu-central-1\",\"Sid\":\"AWSLogDeliveryCheck\"},{\"Action\":\"s3:PutObject\",\"Effect\":\"Allow\",\"Principal\":{\"Service\":\"delivery.logs.amazonaws.com\"},\"Resource\":\"arn:aws:s3:::kacmat-app-alb-logs-211198316879-eu-central-1/AWSLogs/211198316879/*\",\"Sid\":\"AWSLogDeliveryWrite\"},{\"Action\":\"s3:PutObject\",\"Effect\":\"Allow\",\"Principal\":{\"Service\":\"elasticloadbalancing.amazonaws.com\"},\"Resource\":\"arn:aws:s3:::kacmat-app-alb-logs-211198316879-eu-central-1/AWSLogs/211198316879/*\",\"Sid\":\"ALBAccessLogsWrite\"},{\"Action\":\"s3:PutObject\",\"Effect\":\"Allow\",\"Principal\":{\"Service\":\"vpc-flow-logs.amazonaws.com\"},\"Resource\":\"arn:aws:s3:::kacmat-app-alb-logs-211198316879-eu-central-1/AWSLogs/211198316879/*\",\"Sid\":\"VPCFlowLogsWrite\"}],\"Version\":\"2012-10-17\"}",
            "region": "eu-central-1"
          },
          "sensitive_attributes": [],
          "private": "bnVsbA==",
          "dependencies": [
            "aws_s3_bucket.alb_logs",
            "data.aws_caller_identity.current",
            "data.aws_iam_policy_document.alb_logs_bucket_policy",
            "data.aws_region.current"
          ]
        }
      ]
    },
    {
      "mode": "managed",
      "type": "aws_s3_bucket_public_access_block",
      "name": "alb_logs",
      "provider": "provider[\"registry.terraform.io/hashicorp/aws\"]",
      "instances": [
        {
          "schema_version": 0,
          "attributes": {
            "block_public_acls": true,
            "block_public_policy": true,
            "bucket": "kacmat-app-alb-logs-211198316879-eu-central-1",
            "id": "kacmat-app-alb-logs-211198316879-eu-central-1",
            "ignore_public_acls": true,
            "region": "eu-central-1",
            "restrict_public_buckets": true,
            "skip_destroy": null
          },
          "sensitive_attributes": [],
          "private": "bnVsbA==",
          "dependencies": [
            "aws_s3_bucket.alb_logs",
            "data.aws_caller_identity.current",
            "data.aws_region.current"
          ]
        }
      ]
    },
    {
      "mode": "managed",
      "type": "aws_s3_bucket_server_side_encryption_configuration",
      "name": "alb_logs",
      "provider": "provider[\"registry.terraform.io/hashicorp/aws\"]",
      "instances": [
        {
          "schema_version": 0,
          "attributes": {
            "bucket": "kacmat-app-alb-logs-211198316879-eu-central-1",
            "expected_bucket_owner": "",
            "id": "kacmat-app-alb-logs-211198316879-eu-central-1",
            "region": "eu-central-1",
            "rule": [
              {
                "apply_server_side_encryption_by_default": [
                  {
                    "kms_master_key_id": "",
                    "sse_algorithm": "AES256"
                  }
                ],
                "bucket_key_enabled": false
              }
            ]
          },
          "sensitive_attributes": [],
          "private": "bnVsbA==",
          "dependencies": [
            "aws_s3_bucket.alb_logs",
            "data.aws_caller_identity.current",
            "data.aws_region.current"
          ]
        }
      ]
    },
    {
      "mode": "managed",
      "type": "aws_s3_bucket_versioning",
      "name": "alb_logs",
      "provider": "provider[\"registry.terraform.io/hashicorp/aws\"]",
      "instances": [
        {
          "schema_version": 0,
          "attributes": {
            "bucket": "kacmat-app-alb-logs-211198316879-eu-central-1",
            "expected_bucket_owner": "",
            "id": "kacmat-app-alb-logs-211198316879-eu-central-1",
            "mfa": null,
            "region": "eu-central-1",
            "versioning_configuration": [
              {
                "mfa_delete": "",
                "status": "Enabled"
              }
            ]
          },
          "sensitive_attributes": [],
          "private": "bnVsbA==",
          "dependencies": [
            "aws_s3_bucket.alb_logs",
            "data.aws_caller_identity.current",
            "data.aws_region.current"
          ]
        }
      ]
    },
    {
      "mode": "managed",
      "type": "aws_security_group",
      "name": "alb_sg",
      "provider": "provider[\"registry.terraform.io/hashicorp/aws\"]",
      "instances": [
        {
          "schema_version": 1,
          "attributes": {
            "arn": "arn:aws:ec2:eu-central-1:211198316879:security-group/sg-0eb1bcabae2158a7d",
            "description": "Allow HTTPS traffic from anywhere",
            "egress": [
              {
                "cidr_blocks": [
                  "0.0.0.0/0"
                ],
                "description": "",
                "from_port": 0,
                "ipv6_cidr_blocks": [],
                "prefix_list_ids": [],
                "protocol": "-1",
                "security_groups": [],
                "self": false,
                "to_port": 0
              }
            ],
            "id": "sg-0eb1bcabae2158a7d",
            "ingress": [
              {
                "cidr_blocks": [
                  "0.0.0.0/0"
                ],
                "description": "",
                "from_port": 443,
                "ipv6_cidr_blocks": [],
                "prefix_list_ids": [],
                "protocol": "tcp",
                "security_groups": [],
                "self": false,
                "to_port": 443
              }
            ],
            "name": "kacmat-app-alb-sg",
            "name_prefix": "",
            "owner_id": "211198316879",
            "region": "eu-central-1",
            "revoke_rules_on_delete": false,
            "tags": {
              "Name": "kacmat-app-alb-sg"
            },
            "tags_all": {
              "Name": "kacmat-app-alb-sg"
            },
            "timeouts": null,
            "vpc_id": "vpc-05b07fc0cf3fe324d"
          },
          "sensitive_attributes": [],
          "private": "eyJlMmJmYjczMC1lY2FhLTExZTYtOGY4OC0zNDM2M2JjN2M0YzAiOnsiY3JlYXRlIjo2MDAwMDAwMDAwMDAsImRlbGV0ZSI6OTAwMDAwMDAwMDAwfSwic2NoZW1hX3ZlcnNpb24iOiIxIn0=",
          "dependencies": [
            "aws_vpc.main"
          ],
          "create_before_destroy": true
        }
      ]
    },
    {
      "mode": "managed",
      "type": "aws_security_group",
      "name": "ec2_sg",
      "provider": "provider[\"registry.terraform.io/hashicorp/aws\"]",
      "instances": [
        {
          "schema_version": 1,
          "attributes": {
            "arn": "arn:aws:ec2:eu-central-1:211198316879:security-group/sg-08cbceb3087324301",
            "description": "Allow traffic from ALB",
            "egress": [
              {
                "cidr_blocks": [
                  "0.0.0.0/0"
                ],
                "description": "",
                "from_port": 0,
                "ipv6_cidr_blocks": [],
                "prefix_list_ids": [],
                "protocol": "-1",
                "security_groups": [],
                "self": false,
                "to_port": 0
              }
            ],
            "id": "sg-08cbceb3087324301",
            "ingress": [
              {
                "cidr_blocks": [
                  "0.0.0.0/0"
                ],
                "description": "",
                "from_port": 80,
                "ipv6_cidr_blocks": [],
                "prefix_list_ids": [],
                "protocol": "tcp",
                "security_groups": [],
                "self": false,
                "to_port": 80
              },
              {
                "cidr_blocks": [],
                "description": "",
                "from_port": 80,
                "ipv6_cidr_blocks": [],
                "prefix_list_ids": [],
                "protocol": "tcp",
                "security_groups": [
                  "sg-0eb1bcabae2158a7d"
                ],
                "self": false,
                "to_port": 80
              }
            ],
            "name": "kacmat-app-ec2-sg",
            "name_prefix": "",
            "owner_id": "211198316879",
            "region": "eu-central-1",
            "revoke_rules_on_delete": false,
            "tags": {
              "Name": "kacmat-app-ec2-sg"
            },
            "tags_all": {
              "Name": "kacmat-app-ec2-sg"
            },
            "timeouts": null,
            "vpc_id": "vpc-05b07fc0cf3fe324d"
          },
          "sensitive_attributes": [],
          "private": "eyJlMmJmYjczMC1lY2FhLTExZTYtOGY4OC0zNDM2M2JjN2M0YzAiOnsiY3JlYXRlIjo2MDAwMDAwMDAwMDAsImRlbGV0ZSI6OTAwMDAwMDAwMDAwfSwic2NoZW1hX3ZlcnNpb24iOiIxIn0=",
          "dependencies": [
            "aws_security_group.alb_sg",
            "aws_vpc.main"
          ],
          "create_before_destroy": true
        }
      ]
    },
    {
      "mode": "managed",
      "type": "aws_security_group",
      "name": "rds_sg",
      "provider": "provider[\"registry.terraform.io/hashicorp/aws\"]",
      "instances": [
        {
          "schema_version": 1,
          "attributes": {
            "arn": "arn:aws:ec2:eu-central-1:211198316879:security-group/sg-0ef8b4b4c28ec6953",
            "description": "Allow PostgreSQL access from EC2",
            "egress": [
              {
                "cidr_blocks": [
                  "0.0.0.0/0"
                ],
                "description": "",
                "from_port": 0,
                "ipv6_cidr_blocks": [],
                "prefix_list_ids": [],
                "protocol": "-1",
                "security_groups": [],
                "self": false,
                "to_port": 0
              }
            ],
            "id": "sg-0ef8b4b4c28ec6953",
            "ingress": [
              {
                "cidr_blocks": [],
                "description": "",
                "from_port": 5432,
                "ipv6_cidr_blocks": [],
                "prefix_list_ids": [],
                "protocol": "tcp",
                "security_groups": [
                  "sg-08cbceb3087324301"
                ],
                "self": false,
                "to_port": 5432
              }
            ],
            "name": "kacmat-app-rds-sg",
            "name_prefix": "",
            "owner_id": "211198316879",
            "region": "eu-central-1",
            "revoke_rules_on_delete": false,
            "tags": {
              "Name": "kacmat-app-rds-sg"
            },
            "tags_all": {
              "Name": "kacmat-app-rds-sg"
            },
            "timeouts": null,
            "vpc_id": "vpc-05b07fc0cf3fe324d"
          },
          "sensitive_attributes": [],
          "private": "eyJlMmJmYjczMC1lY2FhLTExZTYtOGY4OC0zNDM2M2JjN2M0YzAiOnsiY3JlYXRlIjo2MDAwMDAwMDAwMDAsImRlbGV0ZSI6OTAwMDAwMDAwMDAwfSwic2NoZW1hX3ZlcnNpb24iOiIxIn0=",
          "dependencies": [
            "aws_security_group.alb_sg",
            "aws_security_group.ec2_sg",
            "aws_vpc.main"
          ],
          "create_before_destroy": true
        }
      ]
    },
    {
      "mode": "managed",
      "type": "aws_sns_topic",
      "name": "alerts",
      "provider": "provider[\"registry.terraform.io/hashicorp/aws\"]",
      "instances": [
        {
          "schema_version": 0,
          "attributes": {
            "application_failure_feedback_role_arn": "",
            "application_success_feedback_role_arn": "",
            "application_success_feedback_sample_rate": 0,
            "archive_policy": "",
            "arn": "arn:aws:sns:eu-central-1:211198316879:kacmat-app-alerts",
            "beginning_archive_time": "",
            "content_based_deduplication": false,
            "delivery_policy": "",
            "display_name": "",
            "fifo_throughput_scope": "",
            "fifo_topic": false,
            "firehose_failure_feedback_role_arn": "",
            "firehose_success_feedback_role_arn": "",
            "firehose_success_feedback_sample_rate": 0,
            "http_failure_feedback_role_arn": "",
            "http_success_feedback_role_arn": "",
            "http_success_feedback_sample_rate": 0,
            "id": "arn:aws:sns:eu-central-1:211198316879:kacmat-app-alerts",
            "kms_master_key_id": "",
            "lambda_failure_feedback_role_arn": "",
            "lambda_success_feedback_role_arn": "",
            "lambda_success_feedback_sample_rate": 0,
            "name": "kacmat-app-alerts",
            "name_prefix": "",
            "owner": "211198316879",
            "policy": "{\"Id\":\"__default_policy_ID\",\"Statement\":[{\"Action\":[\"SNS:GetTopicAttributes\",\"SNS:SetTopicAttributes\",\"SNS:AddPermission\",\"SNS:RemovePermission\",\"SNS:DeleteTopic\",\"SNS:Subscribe\",\"SNS:ListSubscriptionsByTopic\",\"SNS:Publish\"],\"Condition\":{\"StringEquals\":{\"AWS:SourceOwner\":\"211198316879\"}},\"Effect\":\"Allow\",\"Principal\":{\"AWS\":\"*\"},\"Resource\":\"arn:aws:sns:eu-central-1:211198316879:kacmat-app-alerts\",\"Sid\":\"__default_statement_ID\"}],\"Version\":\"2008-10-17\"}",
            "region": "eu-central-1",
            "signature_version": 0,
            "sqs_failure_feedback_role_arn": "",
            "sqs_success_feedback_role_arn": "",
            "sqs_success_feedback_sample_rate": 0,
            "tags": {},
            "tags_all": {},
            "tracing_config": ""
          },
          "sensitive_attributes": [],
          "private": "bnVsbA=="
        }
      ]
    },
    {
      "mode": "managed",
      "type": "aws_sns_topic_subscription",
      "name": "alerts_email",
      "provider": "provider[\"registry.terraform.io/hashicorp/aws\"]",
      "instances": [
        {
          "index_key": 0,
          "schema_version": 0,
          "attributes": {
            "arn": "arn:aws:sns:eu-central-1:211198316879:kacmat-app-alerts:dfb66230-87f2-47a1-b844-9c174fc4e02b",
            "confirmation_timeout_in_minutes": 1,
            "confirmation_was_authenticated": false,
            "delivery_policy": "",
            "endpoint": "kacperkalusek@gmail.com",
            "endpoint_auto_confirms": false,
            "filter_policy": "",
            "filter_policy_scope": "",
            "id": "arn:aws:sns:eu-central-1:211198316879:kacmat-app-alerts:dfb66230-87f2-47a1-b844-9c174fc4e02b",
            "owner_id": "211198316879",
            "pending_confirmation": false,
            "protocol": "email",
            "raw_message_delivery": false,
            "redrive_policy": "",
            "region": "eu-central-1",
            "replay_policy": "",
            "subscription_role_arn": "",
            "topic_arn": "arn:aws:sns:eu-central-1:211198316879:kacmat-app-alerts"
          },
          "sensitive_attributes": [],
          "private": "bnVsbA==",
          "dependencies": [
            "aws_sns_topic.alerts"
          ]
        }
      ]
    },
    {
      "mode": "managed",
      "type": "aws_ssm_parameter",
      "name": "app_secret",
      "provider": "provider[\"registry.terraform.io/hashicorp/aws\"]",
      "instances": [
        {
          "schema_version": 0,
          "attributes": {
            "allowed_pattern": "",
            "arn": "arn:aws:ssm:eu-central-1:211198316879:parameter/kacmat/app/APP_SECRET",
            "data_type": "text",
            "description": "Flask secret key for sessions",
            "has_value_wo": false,
            "id": "/kacmat/app/APP_SECRET",
            "insecure_value": null,
            "key_id": "alias/aws/ssm",
            "name": "/kacmat/app/APP_SECRET",
            "overwrite": null,
            "region": "eu-central-1",
            "tags": {},
            "tags_all": {},
            "tier": "Standard",
            "type": "SecureString",
            "value": "VHyPwRHFUbHVPh8DOrRvg6CZIdTTeHV4rSExaJbUQG9BeaNFFeEnUGNhj5iia8VY",
            "value_wo": null,
            "value_wo_version": null,
            "version": 1
          },
          "sensitive_attributes": [
            [
              {
                "type": "get_attr",
                "value": "value_wo"
              }
            ],
            [
              {
                "type": "get_attr",
                "value": "value"
              }
            ]
          ],
          "private": "bnVsbA==",
          "dependencies": [
            "random_password.app_secret"
          ]
        }
      ]
    },
    {
      "mode": "managed",
      "type": "aws_ssm_parameter",
      "name": "db_name",
      "provider": "provider[\"registry.terraform.io/hashicorp/aws\"]",
      "instances": [
        {
          "schema_version": 0,
          "attributes": {
            "allowed_pattern": "",
            "arn": "arn:aws:ssm:eu-central-1:211198316879:parameter/kacmat/app/DB_NAME",
            "data_type": "text",
            "description": "",
            "has_value_wo": false,
            "id": "/kacmat/app/DB_NAME",
            "insecure_value": null,
            "key_id": "",
            "name": "/kacmat/app/DB_NAME",
            "overwrite": null,
            "region": "eu-central-1",
            "tags": {},
            "tags_all": {},
            "tier": "Standard",
            "type": "String",
            "value": "kacmatdb",
            "value_wo": null,
            "value_wo_version": null,
            "version": 1
          },
          "sensitive_attributes": [
            [
              {
                "type": "get_attr",
                "value": "value"
              }
            ],
            [
              {
                "type": "get_attr",
                "value": "value_wo"
              }
            ]
          ],
          "private": "bnVsbA=="
        }
      ]
    },
    {
      "mode": "managed",
      "type": "aws_ssm_parameter",
      "name": "db_pass",
      "provider": "provider[\"registry.terraform.io/hashicorp/aws\"]",
      "instances": [
        {
          "schema_version": 0,
          "attributes": {
            "allowed_pattern": "",
            "arn": "arn:aws:ssm:eu-central-1:211198316879:parameter/kacmat/app/DB_PASS",
            "data_type": "text",
            "description": "DB password",
            "has_value_wo": false,
            "id": "/kacmat/app/DB_PASS",
            "insecure_value": null,
            "key_id": "alias/aws/ssm",
            "name": "/kacmat/app/DB_PASS",
            "overwrite": null,
            "region": "eu-central-1",
            "tags": {},
            "tags_all": {},
            "tier": "Standard",
            "type": "SecureString",
            "value": "T6riYdfwW86E2id84ECU",
            "value_wo": null,
            "value_wo_version": null,
            "version": 1
          },
          "sensitive_attributes": [
            [
              {
                "type": "get_attr",
                "value": "value_wo"
              }
            ],
            [
              {
                "type": "get_attr",
                "value": "value"
              }
            ]
          ],
          "private": "bnVsbA=="
        }
      ]
    },
    {
      "mode": "managed",
      "type": "aws_ssm_parameter",
      "name": "db_user",
      "provider": "provider[\"registry.terraform.io/hashicorp/aws\"]",
      "instances": [
        {
          "schema_version": 0,
          "attributes": {
            "allowed_pattern": "",
            "arn": "arn:aws:ssm:eu-central-1:211198316879:parameter/kacmat/app/DB_USER",
            "data_type": "text",
            "description": "",
            "has_value_wo": false,
            "id": "/kacmat/app/DB_USER",
            "insecure_value": null,
            "key_id": "",
            "name": "/kacmat/app/DB_USER",
            "overwrite": null,
            "region": "eu-central-1",
            "tags": {},
            "tags_all": {},
            "tier": "Standard",
            "type": "String",
            "value": "kacmat",
            "value_wo": null,
            "value_wo_version": null,
            "version": 1
          },
          "sensitive_attributes": [
            [
              {
                "type": "get_attr",
                "value": "value"
              }
            ],
            [
              {
                "type": "get_attr",
                "value": "value_wo"
              }
            ]
          ],
          "private": "bnVsbA=="
        }
      ]
    },
    {
      "mode": "managed",
      "type": "aws_subnet",
      "name": "private_a",
      "provider": "provider[\"registry.terraform.io/hashicorp/aws\"]",
      "instances": [
        {
          "schema_version": 1,
          "attributes": {
            "arn": "arn:aws:ec2:eu-central-1:211198316879:subnet/subnet-0cba2c4789cacedbe",
            "assign_ipv6_address_on_creation": false,
            "availability_zone": "eu-central-1a",
            "availability_zone_id": "euc1-az2",
            "cidr_block": "10.0.101.0/24",
            "customer_owned_ipv4_pool": "",
            "enable_dns64": false,
            "enable_lni_at_device_index": 0,
            "enable_resource_name_dns_a_record_on_launch": false,
            "enable_resource_name_dns_aaaa_record_on_launch": false,
            "id": "subnet-0cba2c4789cacedbe",
            "ipv6_cidr_block": "",
            "ipv6_cidr_block_association_id": "",
            "ipv6_native": false,
            "map_customer_owned_ip_on_launch": false,
            "map_public_ip_on_launch": false,
            "outpost_arn": "",
            "owner_id": "211198316879",
            "private_dns_hostname_type_on_launch": "ip-name",
            "region": "eu-central-1",
            "tags": {
              "Name": "kacmat-app-private-a"
            },
            "tags_all": {
              "Name": "kacmat-app-private-a"
            },
            "timeouts": null,
            "vpc_id": "vpc-05b07fc0cf3fe324d"
          },
          "sensitive_attributes": [],
          "private": "eyJlMmJmYjczMC1lY2FhLTExZTYtOGY4OC0zNDM2M2JjN2M0YzAiOnsiY3JlYXRlIjo2MDAwMDAwMDAwMDAsImRlbGV0ZSI6MTIwMDAwMDAwMDAwMH0sInNjaGVtYV92ZXJzaW9uIjoiMSJ9",
          "dependencies": [
            "aws_vpc.main"
          ],
          "create_before_destroy": true
        }
      ]
    },
    {
      "mode": "managed",
      "type": "aws_subnet",
      "name": "private_b",
      "provider": "provider[\"registry.terraform.io/hashicorp/aws\"]",
      "instances": [
        {
          "schema_version": 1,
          "attributes": {
            "arn": "arn:aws:ec2:eu-central-1:211198316879:subnet/subnet-0c51a99d67b02c4b8",
            "assign_ipv6_address_on_creation": false,
            "availability_zone": "eu-central-1b",
            "availability_zone_id": "euc1-az3",
            "cidr_block": "10.0.102.0/24",
            "customer_owned_ipv4_pool": "",
            "enable_dns64": false,
            "enable_lni_at_device_index": 0,
            "enable_resource_name_dns_a_record_on_launch": false,
            "enable_resource_name_dns_aaaa_record_on_launch": false,
            "id": "subnet-0c51a99d67b02c4b8",
            "ipv6_cidr_block": "",
            "ipv6_cidr_block_association_id": "",
            "ipv6_native": false,
            "map_customer_owned_ip_on_launch": false,
            "map_public_ip_on_launch": false,
            "outpost_arn": "",
            "owner_id": "211198316879",
            "private_dns_hostname_type_on_launch": "ip-name",
            "region": "eu-central-1",
            "tags": {
              "Name": "kacmat-app-private-b"
            },
            "tags_all": {
              "Name": "kacmat-app-private-b"
            },
            "timeouts": null,
            "vpc_id": "vpc-05b07fc0cf3fe324d"
          },
          "sensitive_attributes": [],
          "private": "eyJlMmJmYjczMC1lY2FhLTExZTYtOGY4OC0zNDM2M2JjN2M0YzAiOnsiY3JlYXRlIjo2MDAwMDAwMDAwMDAsImRlbGV0ZSI6MTIwMDAwMDAwMDAwMH0sInNjaGVtYV92ZXJzaW9uIjoiMSJ9",
          "dependencies": [
            "aws_vpc.main"
          ],
          "create_before_destroy": true
        }
      ]
    },
    {
      "mode": "managed",
      "type": "aws_subnet",
      "name": "public_a",
      "provider": "provider[\"registry.terraform.io/hashicorp/aws\"]",
      "instances": [
        {
          "schema_version": 1,
          "attributes": {
            "arn": "arn:aws:ec2:eu-central-1:211198316879:subnet/subnet-03d5d7140db894c1b",
            "assign_ipv6_address_on_creation": false,
            "availability_zone": "eu-central-1a",
            "availability_zone_id": "euc1-az2",
            "cidr_block": "10.0.1.0/24",
            "customer_owned_ipv4_pool": "",
            "enable_dns64": false,
            "enable_lni_at_device_index": 0,
            "enable_resource_name_dns_a_record_on_launch": false,
            "enable_resource_name_dns_aaaa_record_on_launch": false,
            "id": "subnet-03d5d7140db894c1b",
            "ipv6_cidr_block": "",
            "ipv6_cidr_block_association_id": "",
            "ipv6_native": false,
            "map_customer_owned_ip_on_launch": false,
            "map_public_ip_on_launch": true,
            "outpost_arn": "",
            "owner_id": "211198316879",
            "private_dns_hostname_type_on_launch": "ip-name",
            "region": "eu-central-1",
            "tags": {
              "Name": "kacmat-app-public-a"
            },
            "tags_all": {
              "Name": "kacmat-app-public-a"
            },
            "timeouts": null,
            "vpc_id": "vpc-05b07fc0cf3fe324d"
          },
          "sensitive_attributes": [],
          "private": "eyJlMmJmYjczMC1lY2FhLTExZTYtOGY4OC0zNDM2M2JjN2M0YzAiOnsiY3JlYXRlIjo2MDAwMDAwMDAwMDAsImRlbGV0ZSI6MTIwMDAwMDAwMDAwMH0sInNjaGVtYV92ZXJzaW9uIjoiMSJ9",
          "dependencies": [
            "aws_vpc.main"
          ]
        }
      ]
    },
    {
      "mode": "managed",
      "type": "aws_subnet",
      "name": "public_b",
      "provider": "provider[\"registry.terraform.io/hashicorp/aws\"]",
      "instances": [
        {
          "schema_version": 1,
          "attributes": {
            "arn": "arn:aws:ec2:eu-central-1:211198316879:subnet/subnet-0756666d0e9691a76",
            "assign_ipv6_address_on_creation": false,
            "availability_zone": "eu-central-1b",
            "availability_zone_id": "euc1-az3",
            "cidr_block": "10.0.2.0/24",
            "customer_owned_ipv4_pool": "",
            "enable_dns64": false,
            "enable_lni_at_device_index": 0,
            "enable_resource_name_dns_a_record_on_launch": false,
            "enable_resource_name_dns_aaaa_record_on_launch": false,
            "id": "subnet-0756666d0e9691a76",
            "ipv6_cidr_block": "",
            "ipv6_cidr_block_association_id": "",
            "ipv6_native": false,
            "map_customer_owned_ip_on_launch": false,
            "map_public_ip_on_launch": true,
            "outpost_arn": "",
            "owner_id": "211198316879",
            "private_dns_hostname_type_on_launch": "ip-name",
            "region": "eu-central-1",
            "tags": {
              "Name": "kacmat-app-public-b"
            },
            "tags_all": {
              "Name": "kacmat-app-public-b"
            },
            "timeouts": null,
            "vpc_id": "vpc-05b07fc0cf3fe324d"
          },
          "sensitive_attributes": [],
          "private": "eyJlMmJmYjczMC1lY2FhLTExZTYtOGY4OC0zNDM2M2JjN2M0YzAiOnsiY3JlYXRlIjo2MDAwMDAwMDAwMDAsImRlbGV0ZSI6MTIwMDAwMDAwMDAwMH0sInNjaGVtYV92ZXJzaW9uIjoiMSJ9",
          "dependencies": [
            "aws_vpc.main"
          ]
        }
      ]
    },
    {
      "mode": "managed",
      "type": "aws_vpc",
      "name": "main",
      "provider": "provider[\"registry.terraform.io/hashicorp/aws\"]",
      "instances": [
        {
          "schema_version": 1,
          "attributes": {
            "arn": "arn:aws:ec2:eu-central-1:211198316879:vpc/vpc-05b07fc0cf3fe324d",
            "assign_generated_ipv6_cidr_block": false,
            "cidr_block": "10.0.0.0/16",
            "default_network_acl_id": "acl-0325599a84601eedf",
            "default_route_table_id": "rtb-0cfbe64e9b2dbb07b",
            "default_security_group_id": "sg-06de4624afac2db82",
            "dhcp_options_id": "dopt-0f38945b6128dd344",
            "enable_dns_hostnames": true,
            "enable_dns_support": true,
            "enable_network_address_usage_metrics": false,
            "id": "vpc-05b07fc0cf3fe324d",
            "instance_tenancy": "default",
            "ipv4_ipam_pool_id": null,
            "ipv4_netmask_length": null,
            "ipv6_association_id": "",
            "ipv6_cidr_block": "",
            "ipv6_cidr_block_network_border_group": "",
            "ipv6_ipam_pool_id": "",
            "ipv6_netmask_length": 0,
            "main_route_table_id": "rtb-0cfbe64e9b2dbb07b",
            "owner_id": "211198316879",
            "region": "eu-central-1",
            "tags": {
              "Name": "kacmat-app-vpc"
            },
            "tags_all": {
              "Name": "kacmat-app-vpc"
            }
          },
          "sensitive_attributes": [],
          "private": "eyJzY2hlbWFfdmVyc2lvbiI6IjEifQ==",
          "create_before_destroy": true
        }
      ]
    },
    {
      "mode": "managed",
      "type": "random_password",
      "name": "app_secret",
      "provider": "provider[\"registry.terraform.io/hashicorp/random\"]",
      "instances": [
        {
          "schema_version": 3,
          "attributes": {
            "bcrypt_hash": "$2a$10$Vz9qactUVvEV0GFuAiWy/e8w8zRaVyAd7FYVNoaiXS7t15hOQ1u.2",
            "id": "none",
            "keepers": null,
            "length": 64,
            "lower": true,
            "min_lower": 0,
            "min_numeric": 0,
            "min_special": 0,
            "min_upper": 0,
            "number": true,
            "numeric": true,
            "override_special": null,
            "result": "VHyPwRHFUbHVPh8DOrRvg6CZIdTTeHV4rSExaJbUQG9BeaNFFeEnUGNhj5iia8VY",
            "special": false,
            "upper": true
          },
          "sensitive_attributes": [
            [
              {
                "type": "get_attr",
                "value": "bcrypt_hash"
              }
            ],
            [
              {
                "type": "get_attr",
                "value": "result"
              }
            ]
          ]
        }
      ]
    }
  ],
  "check_results": null
}
